// !$*UTF8*$!
{
	archiveVersion = 1;
	classes = {
	};
	objectVersion = 48;
	objects = {

/* Begin PBXBuildFile section */
		6C4B98DB2036392E00FBCC6B /* AppDelegate.swift in Sources */ = {isa = PBXBuildFile; fileRef = 6C4B98DA2036392E00FBCC6B /* AppDelegate.swift */; };
		6C4B98DD2036392E00FBCC6B /* ViewController.swift in Sources */ = {isa = PBXBuildFile; fileRef = 6C4B98DC2036392E00FBCC6B /* ViewController.swift */; };
		6C4B98E02036392E00FBCC6B /* Main.storyboard in Resources */ = {isa = PBXBuildFile; fileRef = 6C4B98DE2036392E00FBCC6B /* Main.storyboard */; };
		6C4B98E22036392E00FBCC6B /* Assets.xcassets in Resources */ = {isa = PBXBuildFile; fileRef = 6C4B98E12036392E00FBCC6B /* Assets.xcassets */; };
		6C4B98E52036392E00FBCC6B /* LaunchScreen.storyboard in Resources */ = {isa = PBXBuildFile; fileRef = 6C4B98E32036392E00FBCC6B /* LaunchScreen.storyboard */; };
		6C4B98ED20363AA100FBCC6B /* Pessoa.swift in Sources */ = {isa = PBXBuildFile; fileRef = 6C4B98EC20363AA100FBCC6B /* Pessoa.swift */; };
/* End PBXBuildFile section */

/* Begin PBXFileReference section */
		6C4B98D72036392E00FBCC6B /* Subscript.app */ = {isa = PBXFileReference; explicitFileType = wrapper.application; includeInIndex = 0; path = Subscript.app; sourceTree = BUILT_PRODUCTS_DIR; };
		6C4B98DA2036392E00FBCC6B /* AppDelegate.swift */ = {isa = PBXFileReference; lastKnownFileType = sourcecode.swift; path = AppDelegate.swift; sourceTree = "<group>"; };
		6C4B98DC2036392E00FBCC6B /* ViewController.swift */ = {isa = PBXFileReference; lastKnownFileType = sourcecode.swift; path = ViewController.swift; sourceTree = "<group>"; };
		6C4B98DF2036392E00FBCC6B /* Base */ = {isa = PBXFileReference; lastKnownFileType = file.storyboard; name = Base; path = Base.lproj/Main.storyboard; sourceTree = "<group>"; };
		6C4B98E12036392E00FBCC6B /* Assets.xcassets */ = {isa = PBXFileReference; lastKnownFileType = folder.assetcatalog; path = Assets.xcassets; sourceTree = "<group>"; };
		6C4B98E42036392E00FBCC6B /* Base */ = {isa = PBXFileReference; lastKnownFileType = file.storyboard; name = Base; path = Base.lproj/LaunchScreen.storyboard; sourceTree = "<group>"; };
		6C4B98E62036392E00FBCC6B /* Info.plist */ = {isa = PBXFileReference; lastKnownFileType = text.plist.xml; path = Info.plist; sourceTree = "<group>"; };
		6C4B98EC20363AA100FBCC6B /* Pessoa.swift */ = {isa = PBXFileReference; lastKnownFileType = sourcecode.swift; path = Pessoa.swift; sourceTree = "<group>"; };
/* End PBXFileReference section */

/* Begin PBXFrameworksBuildPhase section */
		6C4B98D42036392E00FBCC6B /* Frameworks */ = {
			isa = PBXFrameworksBuildPhase;
			buildActionMask = 2147483647;
			files = (
			);
			runOnlyForDeploymentPostprocessing = 0;
		};
/* End PBXFrameworksBuildPhase section */

/* Begin PBXGroup section */
		6C4B98CE2036392E00FBCC6B = {
			isa = PBXGroup;
			children = (
				6C4B98D92036392E00FBCC6B /* Subscript */,
				6C4B98D82036392E00FBCC6B /* Products */,
			);
			sourceTree = "<group>";
		};
		6C4B98D82036392E00FBCC6B /* Products */ = {
			isa = PBXGroup;
			children = (
				6C4B98D72036392E00FBCC6B /* Subscript.app */,
			);
			name = Products;
			sourceTree = "<group>";
		};
		6C4B98D92036392E00FBCC6B /* Subscript */ = {
			isa = PBXGroup;
			children = (
				6C4B98DA2036392E00FBCC6B /* AppDelegate.swift */,
				6C4B98DC2036392E00FBCC6B /* ViewController.swift */,
				6C4B98EC20363AA100FBCC6B /* Pessoa.swift */,
				6C4B98DE2036392E00FBCC6B /* Main.storyboard */,
				6C4B98E12036392E00FBCC6B /* Assets.xcassets */,
				6C4B98E32036392E00FBCC6B /* LaunchScreen.storyboard */,
				6C4B98E62036392E00FBCC6B /* Info.plist */,
			);
			path = Subscript;
			sourceTree = "<group>";
		};
/* End PBXGroup section */

/* Begin PBXNativeTarget section */
		6C4B98D62036392E00FBCC6B /* Subscript */ = {
			isa = PBXNativeTarget;
			buildConfigurationList = 6C4B98E92036392E00FBCC6B /* Build configuration list for PBXNativeTarget "Subscript" */;
			buildPhases = (
				6C4B98D32036392E00FBCC6B /* Sources */,
				6C4B98D42036392E00FBCC6B /* Frameworks */,
				6C4B98D52036392E00FBCC6B /* Resources */,
			);
			buildRules = (
			);
			dependencies = (
			);
			name = Subscript;
			productName = Subscript;
			productReference = 6C4B98D72036392E00FBCC6B /* Subscript.app */;
			productType = "com.apple.product-type.application";
		};
/* End PBXNativeTarget section */

/* Begin PBXProject section */
		6C4B98CF2036392E00FBCC6B /* Project object */ = {
			isa = PBXProject;
			attributes = {
				LastSwiftUpdateCheck = 0920;
				LastUpgradeCheck = 0920;
				ORGANIZATIONNAME = "Vinicius Luz Souza";
				TargetAttributes = {
					6C4B98D62036392E00FBCC6B = {
						CreatedOnToolsVersion = 9.2;
						ProvisioningStyle = Automatic;
					};
				};
			};
			buildConfigurationList = 6C4B98D22036392E00FBCC6B /* Build configuration list for PBXProject "Subscript" */;
			compatibilityVersion = "Xcode 8.0";
			developmentRegion = en;
			hasScannedForEncodings = 0;
			knownRegions = (
				en,
				Base,
			);
			mainGroup = 6C4B98CE2036392E00FBCC6B;
			productRefGroup = 6C4B98D82036392E00FBCC6B /* Products */;
			projectDirPath = "";
			projectRoot = "";
			targets = (
				6C4B98D62036392E00FBCC6B /* Subscript */,
			);
		};
/* End PBXProject section */

/* Begin PBXResourcesBuildPhase section */
		6C4B98D52036392E00FBCC6B /* Resources */ = {
			isa = PBXResourcesBuildPhase;
			buildActionMask = 2147483647;
			files = (
				6C4B98E52036392E00FBCC6B /* LaunchScreen.storyboard in Resources */,
				6C4B98E22036392E00FBCC6B /* Assets.xcassets in Resources */,
				6C4B98E02036392E00FBCC6B /* Main.storyboard in Resources */,
			);
			runOnlyForDeploymentPostprocessing = 0;
		};
/* End PBXResourcesBuildPhase section */

/* Begin PBXSourcesBuildPhase section */
		6C4B98D32036392E00FBCC6B /* Sources */ = {
			isa = PBXSourcesBuildPhase;
			buildActionMask = 2147483647;
			files = (
				6C4B98DD2036392E00FBCC6B /* ViewController.swift in Sources */,
				6C4B98ED20363AA100FBCC6B /* Pessoa.swift in Sources */,
				6C4B98DB2036392E00FBCC6B /* AppDelegate.swift in Sources */,
			);
			runOnlyForDeploymentPostprocessing = 0;
		};
/* End PBXSourcesBuildPhase section */

/* Begin PBXVariantGroup section */
		6C4B98DE2036392E00FBCC6B /* Main.storyboard */ = {
			isa = PBXVariantGroup;
			children = (
				6C4B98DF2036392E00FBCC6B /* Base */,
			);
			name = Main.storyboard;
			sourceTree = "<group>";
		};
		6C4B98E32036392E00FBCC6B /* LaunchScreen.storyboard */ = {
			isa = PBXVariantGroup;
			children = (
				6C4B98E42036392E00FBCC6B /* Base */,
			);
			name = LaunchScreen.storyboard;
			sourceTree = "<group>";
		};
/* End PBXVariantGroup section */

/* Begin XCBuildConfiguration section */
		6C4B98E72036392E00FBCC6B /* Debug */ = {
			isa = XCBuildConfiguration;
			buildSettings = {
				ALWAYS_SEARCH_USER_PATHS = NO;
				CLANG_ANALYZER_NONNULL = YES;
				CLANG_ANALYZER_NUMBER_OBJECT_CONVERSION = YES_AGGRESSIVE;
				CLANG_CXX_LANGUAGE_STANDARD = "gnu++14";
				CLANG_CXX_LIBRARY = "libc++";
				CLANG_ENABLE_MODULES = YES;
				CLANG_ENABLE_OBJC_ARC = YES;
				CLANG_WARN_BLOCK_CAPTURE_AUTORELEASING = YES;
				CLANG_WARN_BOOL_CONVERSION = YES;
				CLANG_WARN_COMMA = YES;
				CLANG_WARN_CONSTANT_CONVERSION = YES;
				CLANG_WARN_DIRECT_OBJC_ISA_USAGE = YES_ERROR;
				CLANG_WARN_DOCUMENTATION_COMMENTS = YES;
				CLANG_WARN_EMPTY_BODY = YES;
				CLANG_WARN_ENUM_CONVERSION = YES;
				CLANG_WARN_INFINITE_RECURSION = YES;
				CLANG_WARN_INT_CONVERSION = YES;
				CLANG_WARN_NON_LITERAL_NULL_CONVERSION = YES;
				CLANG_WARN_OBJC_LITERAL_CONVERSION = YES;
				CLANG_WARN_OBJC_ROOT_CLASS = YES_ERROR;
				CLANG_WARN_RANGE_LOOP_ANALYSIS = YES;
				CLANG_WARN_STRICT_PROTOTYPES = YES;
				CLANG_WARN_SUSPICIOUS_MOVE = YES;
				CLANG_WARN_UNGUARDED_AVAILABILITY = YES_AGGRESSIVE;
				CLANG_WARN_UNREACHABLE_CODE = YES;
				CLANG_WARN__DUPLICATE_METHOD_MATCH = YES;
				CODE_SIGN_IDENTITY = "iPhone Developer";
				COPY_PHASE_STRIP = NO;
				DEBUG_INFORMATION_FORMAT = dwarf;
				ENABLE_STRICT_OBJC_MSGSEND = YES;
				ENABLE_TESTABILITY = YES;
				GCC_C_LANGUAGE_STANDARD = gnu11;
				GCC_DYNAMIC_NO_PIC = NO;
				GCC_NO_COMMON_BLOCKS = YES;
				GCC_OPTIMIZATION_LEVEL = 0;
				GCC_PREPROCESSOR_DEFINITIONS = (
					"DEBUG=1",
					"$(inherited)",
				);
				GCC_WARN_64_TO_32_BIT_CONVERSION = YES;
				GCC_WARN_ABOUT_RETURN_TYPE = YES_ERROR;
				GCC_WARN_UNDECLARED_SELECTOR = YES;
				GCC_WARN_UNINITIALIZED_AUTOS = YES_AGGRESSIVE;
				GCC_WARN_UNUSED_FUNCTION = YES;
				GCC_WARN_UNUSED_VARIABLE = YES;
				IPHONEOS_DEPLOYMENT_TARGET = 11.2;
				MTL_ENABLE_DEBUG_INFO = YES;
				ONLY_ACTIVE_ARCH = YES;
				SDKROOT = iphoneos;
				SWIFT_ACTIVE_COMPILATION_CONDITIONS = DEBUG;
				SWIFT_OPTIMIZATION_LEVEL = "-Onone";
			};
			name = Debug;
		};
		6C4B98E82036392E00FBCC6B /* Release */ = {
			isa = XCBuildConfiguration;
			buildSettings = {
				ALWAYS_SEARCH_USER_PATHS = NO;
				CLANG_ANALYZER_NONNULL = YES;
				CLANG_ANALYZER_NUMBER_OBJECT_CONVERSION = YES_AGGRESSIVE;
				CLANG_CXX_LANGUAGE_STANDARD = "gnu++14";
				CLANG_CXX_LIBRARY = "libc++";
				CLANG_ENABLE_MODULES = YES;
				CLANG_ENABLE_OBJC_ARC = YES;
				CLANG_WARN_BLOCK_CAPTURE_AUTORELEASING = YES;
				CLANG_WARN_BOOL_CONVERSION = YES;
				CLANG_WARN_COMMA = YES;
				CLANG_WARN_CONSTANT_CONVERSION = YES;
				CLANG_WARN_DIRECT_OBJC_ISA_USAGE = YES_ERROR;
				CLANG_WARN_DOCUMENTATION_COMMENTS = YES;
				CLANG_WARN_EMPTY_BODY = YES;
				CLANG_WARN_ENUM_CONVERSION = YES;
				CLANG_WARN_INFINITE_RECURSION = YES;
				CLANG_WARN_INT_CONVERSION = YES;
				CLANG_WARN_NON_LITERAL_NULL_CONVERSION = YES;
				CLANG_WARN_OBJC_LITERAL_CONVERSION = YES;
				CLANG_WARN_OBJC_ROOT_CLASS = YES_ERROR;
				CLANG_WARN_RANGE_LOOP_ANALYSIS = YES;
				CLANG_WARN_STRICT_PROTOTYPES = YES;
				CLANG_WARN_SUSPICIOUS_MOVE = YES;
				CLANG_WARN_UNGUARDED_AVAILABILITY = YES_AGGRESSIVE;
				CLANG_WARN_UNREACHABLE_CODE = YES;
				CLANG_WARN__DUPLICATE_METHOD_MATCH = YES;
				CODE_SIGN_IDENTITY = "iPhone Developer";
				COPY_PHASE_STRIP = NO;
				DEBUG_INFORMATION_FORMAT = "dwarf-with-dsym";
				ENABLE_NS_ASSERTIONS = NO;
				ENABLE_STRICT_OBJC_MSGSEND = YES;
				GCC_C_LANGUAGE_STANDARD = gnu11;
				GCC_NO_COMMON_BLOCKS = YES;
				GCC_WARN_64_TO_32_BIT_CONVERSION = YES;
				GCC_WARN_ABOUT_RETURN_TYPE = YES_ERROR;
				GCC_WARN_UNDECLARED_SELECTOR = YES;
				GCC_WARN_UNINITIALIZED_AUTOS = YES_AGGRESSIVE;
				GCC_WARN_UNUSED_FUNCTION = YES;
				GCC_WARN_UNUSED_VARIABLE = YES;
				IPHONEOS_DEPLOYMENT_TARGET = 11.2;
				MTL_ENABLE_DEBUG_INFO = NO;
				SDKROOT = iphoneos;
				SWIFT_OPTIMIZATION_LEVEL = "-Owholemodule";
				VALIDATE_PRODUCT = YES;
			};
			name = Release;
		};
		6C4B98EA2036392E00FBCC6B /* Debug */ = {
			isa = XCBuildConfiguration;
			buildSettings = {
				ASSETCATALOG_COMPILER_APPICON_NAME = AppIcon;
				CODE_SIGN_STYLE = Automatic;
				INFOPLIST_FILE = Subscript/Info.plist;
				LD_RUNPATH_SEARCH_PATHS = "$(inherited) @executable_path/Frameworks";
				PRODUCT_BUNDLE_IDENTIFIER = Vini.Subscript;
				PRODUCT_NAME = "$(TARGET_NAME)";
				SWIFT_VERSION = 4.0;
				TARGETED_DEVICE_FAMILY = "1,2";
			};
			name = Debug;
		};
		6C4B98EB2036392E00FBCC6B /* Release */ = {
			isa = XCBuildConfiguration;
			buildSettings = {
				ASSETCATALOG_COMPILER_APPICON_NAME = AppIcon;
				CODE_SIGN_STYLE = Automatic;
				INFOPLIST_FILE = Subscript/Info.plist;
				LD_RUNPATH_SEARCH_PATHS = "$(inherited) @executable_path/Frameworks";
				PRODUCT_BUNDLE_IDENTIFIER = Vini.Subscript;
				PRODUCT_NAME = "$(TARGET_NAME)";
				SWIFT_VERSION = 4.0;
				TARGETED_DEVICE_FAMILY = "1,2";
			};
			name = Release;
		};
/* End XCBuildConfiguration section */

/* Begin XCConfigurationList section */
		6C4B98D22036392E00FBCC6B /* Build configuration list for PBXProject "Subscript" */ = {
			isa = XCConfigurationList;
			buildConfigurations = (
				6C4B98E72036392E00FBCC6B /* Debug */,
				6C4B98E82036392E00FBCC6B /* Release */,
			);
			defaultConfigurationIsVisible = 0;
			defaultConfigurationName = Release;
		};
		6C4B98E92036392E00FBCC6B /* Build configuration list for PBXNativeTarget "Subscript" */ = {
			isa = XCConfigurationList;
			buildConfigurations = (
				6C4B98EA2036392E00FBCC6B /* Debug */,
				6C4B98EB2036392E00FBCC6B /* Release */,
			);
			defaultConfigurationIsVisible = 0;
			defaultConfigurationName = Release;
		};
/* End XCConfigurationList section */
	};
	rootObject = 6C4B98CF2036392E00FBCC6B /* Project object */;
}
