// !$*UTF8*$!
{
	archiveVersion = 1;
	classes = {
	};
	objectVersion = 48;
	objects = {

/* Begin PBXBuildFile section */
		6C5C24D62012BEA900D22CB1 /* AppDelegate.swift in Sources */ = {isa = PBXBuildFile; fileRef = 6C5C24D52012BEA900D22CB1 /* AppDelegate.swift */; };
		6C5C24D82012BEA900D22CB1 /* ViewController.swift in Sources */ = {isa = PBXBuildFile; fileRef = 6C5C24D72012BEA900D22CB1 /* ViewController.swift */; };
		6C5C24DB2012BEA900D22CB1 /* Main.storyboard in Resources */ = {isa = PBXBuildFile; fileRef = 6C5C24D92012BEA900D22CB1 /* Main.storyboard */; };
		6C5C24DD2012BEA900D22CB1 /* Assets.xcassets in Resources */ = {isa = PBXBuildFile; fileRef = 6C5C24DC2012BEA900D22CB1 /* Assets.xcassets */; };
		6C5C24E02012BEA900D22CB1 /* LaunchScreen.storyboard in Resources */ = {isa = PBXBuildFile; fileRef = 6C5C24DE2012BEA900D22CB1 /* LaunchScreen.storyboard */; };
		6C5C24F52012BF4900D22CB1 /* frame-11.gif in Resources */ = {isa = PBXBuildFile; fileRef = 6C5C24E82012BF4800D22CB1 /* frame-11.gif */; };
		6C5C24F62012BF4900D22CB1 /* frame-10.gif in Resources */ = {isa = PBXBuildFile; fileRef = 6C5C24E92012BF4800D22CB1 /* frame-10.gif */; };
		6C5C24F72012BF4900D22CB1 /* frame-12.gif in Resources */ = {isa = PBXBuildFile; fileRef = 6C5C24EA2012BF4800D22CB1 /* frame-12.gif */; };
		6C5C24F82012BF4900D22CB1 /* frame-8.gif in Resources */ = {isa = PBXBuildFile; fileRef = 6C5C24EB2012BF4800D22CB1 /* frame-8.gif */; };
		6C5C24F92012BF4900D22CB1 /* frame-9.gif in Resources */ = {isa = PBXBuildFile; fileRef = 6C5C24EC2012BF4800D22CB1 /* frame-9.gif */; };
		6C5C24FA2012BF4900D22CB1 /* frame-13.gif in Resources */ = {isa = PBXBuildFile; fileRef = 6C5C24ED2012BF4800D22CB1 /* frame-13.gif */; };
		6C5C24FB2012BF4900D22CB1 /* frame-4.gif in Resources */ = {isa = PBXBuildFile; fileRef = 6C5C24EE2012BF4800D22CB1 /* frame-4.gif */; };
		6C5C24FC2012BF4900D22CB1 /* frame-5.gif in Resources */ = {isa = PBXBuildFile; fileRef = 6C5C24EF2012BF4800D22CB1 /* frame-5.gif */; };
		6C5C24FD2012BF4900D22CB1 /* frame-7.gif in Resources */ = {isa = PBXBuildFile; fileRef = 6C5C24F02012BF4800D22CB1 /* frame-7.gif */; };
		6C5C24FE2012BF4900D22CB1 /* frame-6.gif in Resources */ = {isa = PBXBuildFile; fileRef = 6C5C24F12012BF4800D22CB1 /* frame-6.gif */; };
		6C5C24FF2012BF4900D22CB1 /* frame-2.gif in Resources */ = {isa = PBXBuildFile; fileRef = 6C5C24F22012BF4800D22CB1 /* frame-2.gif */; };
		6C5C25002012BF4900D22CB1 /* frame-3.gif in Resources */ = {isa = PBXBuildFile; fileRef = 6C5C24F32012BF4800D22CB1 /* frame-3.gif */; };
		6C5C25012012BF4900D22CB1 /* frame-1.gif in Resources */ = {isa = PBXBuildFile; fileRef = 6C5C24F42012BF4800D22CB1 /* frame-1.gif */; };
/* End PBXBuildFile section */

/* Begin PBXFileReference section */
		6C5C24D22012BEA900D22CB1 /* DesafioGirafas.app */ = {isa = PBXFileReference; explicitFileType = wrapper.application; includeInIndex = 0; path = DesafioGirafas.app; sourceTree = BUILT_PRODUCTS_DIR; };
		6C5C24D52012BEA900D22CB1 /* AppDelegate.swift */ = {isa = PBXFileReference; lastKnownFileType = sourcecode.swift; path = AppDelegate.swift; sourceTree = "<group>"; };
		6C5C24D72012BEA900D22CB1 /* ViewController.swift */ = {isa = PBXFileReference; lastKnownFileType = sourcecode.swift; path = ViewController.swift; sourceTree = "<group>"; };
		6C5C24DA2012BEA900D22CB1 /* Base */ = {isa = PBXFileReference; lastKnownFileType = file.storyboard; name = Base; path = Base.lproj/Main.storyboard; sourceTree = "<group>"; };
		6C5C24DC2012BEA900D22CB1 /* Assets.xcassets */ = {isa = PBXFileReference; lastKnownFileType = folder.assetcatalog; path = Assets.xcassets; sourceTree = "<group>"; };
		6C5C24DF2012BEA900D22CB1 /* Base */ = {isa = PBXFileReference; lastKnownFileType = file.storyboard; name = Base; path = Base.lproj/LaunchScreen.storyboard; sourceTree = "<group>"; };
		6C5C24E12012BEA900D22CB1 /* Info.plist */ = {isa = PBXFileReference; lastKnownFileType = text.plist.xml; path = Info.plist; sourceTree = "<group>"; };
		6C5C24E82012BF4800D22CB1 /* frame-11.gif */ = {isa = PBXFileReference; lastKnownFileType = image.gif; path = "frame-11.gif"; sourceTree = "<group>"; };
		6C5C24E92012BF4800D22CB1 /* frame-10.gif */ = {isa = PBXFileReference; lastKnownFileType = image.gif; path = "frame-10.gif"; sourceTree = "<group>"; };
		6C5C24EA2012BF4800D22CB1 /* frame-12.gif */ = {isa = PBXFileReference; lastKnownFileType = image.gif; path = "frame-12.gif"; sourceTree = "<group>"; };
		6C5C24EB2012BF4800D22CB1 /* frame-8.gif */ = {isa = PBXFileReference; lastKnownFileType = image.gif; path = "frame-8.gif"; sourceTree = "<group>"; };
		6C5C24EC2012BF4800D22CB1 /* frame-9.gif */ = {isa = PBXFileReference; lastKnownFileType = image.gif; path = "frame-9.gif"; sourceTree = "<group>"; };
		6C5C24ED2012BF4800D22CB1 /* frame-13.gif */ = {isa = PBXFileReference; lastKnownFileType = image.gif; path = "frame-13.gif"; sourceTree = "<group>"; };
		6C5C24EE2012BF4800D22CB1 /* frame-4.gif */ = {isa = PBXFileReference; lastKnownFileType = image.gif; path = "frame-4.gif"; sourceTree = "<group>"; };
		6C5C24EF2012BF4800D22CB1 /* frame-5.gif */ = {isa = PBXFileReference; lastKnownFileType = image.gif; path = "frame-5.gif"; sourceTree = "<group>"; };
		6C5C24F02012BF4800D22CB1 /* frame-7.gif */ = {isa = PBXFileReference; lastKnownFileType = image.gif; path = "frame-7.gif"; sourceTree = "<group>"; };
		6C5C24F12012BF4800D22CB1 /* frame-6.gif */ = {isa = PBXFileReference; lastKnownFileType = image.gif; path = "frame-6.gif"; sourceTree = "<group>"; };
		6C5C24F22012BF4800D22CB1 /* frame-2.gif */ = {isa = PBXFileReference; lastKnownFileType = image.gif; path = "frame-2.gif"; sourceTree = "<group>"; };
		6C5C24F32012BF4800D22CB1 /* frame-3.gif */ = {isa = PBXFileReference; lastKnownFileType = image.gif; path = "frame-3.gif"; sourceTree = "<group>"; };
		6C5C24F42012BF4800D22CB1 /* frame-1.gif */ = {isa = PBXFileReference; lastKnownFileType = image.gif; path = "frame-1.gif"; sourceTree = "<group>"; };
/* End PBXFileReference section */

/* Begin PBXFrameworksBuildPhase section */
		6C5C24CF2012BEA900D22CB1 /* Frameworks */ = {
			isa = PBXFrameworksBuildPhase;
			buildActionMask = 2147483647;
			files = (
			);
			runOnlyForDeploymentPostprocessing = 0;
		};
/* End PBXFrameworksBuildPhase section */

/* Begin PBXGroup section */
		6C5C24C92012BEA900D22CB1 = {
			isa = PBXGroup;
			children = (
				6C5C24D42012BEA900D22CB1 /* DesafioGirafas */,
				6C5C24D32012BEA900D22CB1 /* Products */,
			);
			sourceTree = "<group>";
		};
		6C5C24D32012BEA900D22CB1 /* Products */ = {
			isa = PBXGroup;
			children = (
				6C5C24D22012BEA900D22CB1 /* DesafioGirafas.app */,
			);
			name = Products;
			sourceTree = "<group>";
		};
		6C5C24D42012BEA900D22CB1 /* DesafioGirafas */ = {
			isa = PBXGroup;
			children = (
				6C5C24E72012BF4800D22CB1 /* Frames Girafa */,
				6C5C24D52012BEA900D22CB1 /* AppDelegate.swift */,
				6C5C24D72012BEA900D22CB1 /* ViewController.swift */,
				6C5C24D92012BEA900D22CB1 /* Main.storyboard */,
				6C5C24DC2012BEA900D22CB1 /* Assets.xcassets */,
				6C5C24DE2012BEA900D22CB1 /* LaunchScreen.storyboard */,
				6C5C24E12012BEA900D22CB1 /* Info.plist */,
			);
			path = DesafioGirafas;
			sourceTree = "<group>";
		};
		6C5C24E72012BF4800D22CB1 /* Frames Girafa */ = {
			isa = PBXGroup;
			children = (
				6C5C24E82012BF4800D22CB1 /* frame-11.gif */,
				6C5C24E92012BF4800D22CB1 /* frame-10.gif */,
				6C5C24EA2012BF4800D22CB1 /* frame-12.gif */,
				6C5C24EB2012BF4800D22CB1 /* frame-8.gif */,
				6C5C24EC2012BF4800D22CB1 /* frame-9.gif */,
				6C5C24ED2012BF4800D22CB1 /* frame-13.gif */,
				6C5C24EE2012BF4800D22CB1 /* frame-4.gif */,
				6C5C24EF2012BF4800D22CB1 /* frame-5.gif */,
				6C5C24F02012BF4800D22CB1 /* frame-7.gif */,
				6C5C24F12012BF4800D22CB1 /* frame-6.gif */,
				6C5C24F22012BF4800D22CB1 /* frame-2.gif */,
				6C5C24F32012BF4800D22CB1 /* frame-3.gif */,
				6C5C24F42012BF4800D22CB1 /* frame-1.gif */,
			);
			path = "Frames Girafa";
			sourceTree = "<group>";
		};
/* End PBXGroup section */

/* Begin PBXNativeTarget section */
		6C5C24D12012BEA900D22CB1 /* DesafioGirafas */ = {
			isa = PBXNativeTarget;
			buildConfigurationList = 6C5C24E42012BEA900D22CB1 /* Build configuration list for PBXNativeTarget "DesafioGirafas" */;
			buildPhases = (
				6C5C24CE2012BEA900D22CB1 /* Sources */,
				6C5C24CF2012BEA900D22CB1 /* Frameworks */,
				6C5C24D02012BEA900D22CB1 /* Resources */,
			);
			buildRules = (
			);
			dependencies = (
			);
			name = DesafioGirafas;
			productName = DesafioGirafas;
			productReference = 6C5C24D22012BEA900D22CB1 /* DesafioGirafas.app */;
			productType = "com.apple.product-type.application";
		};
/* End PBXNativeTarget section */

/* Begin PBXProject section */
		6C5C24CA2012BEA900D22CB1 /* Project object */ = {
			isa = PBXProject;
			attributes = {
				LastSwiftUpdateCheck = 0920;
				LastUpgradeCheck = 0920;
				ORGANIZATIONNAME = "Vinicius Luz Souza";
				TargetAttributes = {
					6C5C24D12012BEA900D22CB1 = {
						CreatedOnToolsVersion = 9.2;
						ProvisioningStyle = Automatic;
					};
				};
			};
			buildConfigurationList = 6C5C24CD2012BEA900D22CB1 /* Build configuration list for PBXProject "DesafioGirafas" */;
			compatibilityVersion = "Xcode 8.0";
			developmentRegion = en;
			hasScannedForEncodings = 0;
			knownRegions = (
				en,
				Base,
			);
			mainGroup = 6C5C24C92012BEA900D22CB1;
			productRefGroup = 6C5C24D32012BEA900D22CB1 /* Products */;
			projectDirPath = "";
			projectRoot = "";
			targets = (
				6C5C24D12012BEA900D22CB1 /* DesafioGirafas */,
			);
		};
/* End PBXProject section */

/* Begin PBXResourcesBuildPhase section */
		6C5C24D02012BEA900D22CB1 /* Resources */ = {
			isa = PBXResourcesBuildPhase;
			buildActionMask = 2147483647;
			files = (
				6C5C24F92012BF4900D22CB1 /* frame-9.gif in Resources */,
				6C5C24F82012BF4900D22CB1 /* frame-8.gif in Resources */,
				6C5C24E02012BEA900D22CB1 /* LaunchScreen.storyboard in Resources */,
				6C5C24FF2012BF4900D22CB1 /* frame-2.gif in Resources */,
				6C5C24FA2012BF4900D22CB1 /* frame-13.gif in Resources */,
				6C5C24DD2012BEA900D22CB1 /* Assets.xcassets in Resources */,
				6C5C24F52012BF4900D22CB1 /* frame-11.gif in Resources */,
				6C5C24F72012BF4900D22CB1 /* frame-12.gif in Resources */,
				6C5C25012012BF4900D22CB1 /* frame-1.gif in Resources */,
				6C5C24F62012BF4900D22CB1 /* frame-10.gif in Resources */,
				6C5C24FE2012BF4900D22CB1 /* frame-6.gif in Resources */,
				6C5C25002012BF4900D22CB1 /* frame-3.gif in Resources */,
				6C5C24DB2012BEA900D22CB1 /* Main.storyboard in Resources */,
				6C5C24FB2012BF4900D22CB1 /* frame-4.gif in Resources */,
				6C5C24FD2012BF4900D22CB1 /* frame-7.gif in Resources */,
				6C5C24FC2012BF4900D22CB1 /* frame-5.gif in Resources */,
			);
			runOnlyForDeploymentPostprocessing = 0;
		};
/* End PBXResourcesBuildPhase section */

/* Begin PBXSourcesBuildPhase section */
		6C5C24CE2012BEA900D22CB1 /* Sources */ = {
			isa = PBXSourcesBuildPhase;
			buildActionMask = 2147483647;
			files = (
				6C5C24D82012BEA900D22CB1 /* ViewController.swift in Sources */,
				6C5C24D62012BEA900D22CB1 /* AppDelegate.swift in Sources */,
			);
			runOnlyForDeploymentPostprocessing = 0;
		};
/* End PBXSourcesBuildPhase section */

/* Begin PBXVariantGroup section */
		6C5C24D92012BEA900D22CB1 /* Main.storyboard */ = {
			isa = PBXVariantGroup;
			children = (
				6C5C24DA2012BEA900D22CB1 /* Base */,
			);
			name = Main.storyboard;
			sourceTree = "<group>";
		};
		6C5C24DE2012BEA900D22CB1 /* LaunchScreen.storyboard */ = {
			isa = PBXVariantGroup;
			children = (
				6C5C24DF2012BEA900D22CB1 /* Base */,
			);
			name = LaunchScreen.storyboard;
			sourceTree = "<group>";
		};
/* End PBXVariantGroup section */

/* Begin XCBuildConfiguration section */
		6C5C24E22012BEA900D22CB1 /* Debug */ = {
			isa = XCBuildConfiguration;
			buildSettings = {
				ALWAYS_SEARCH_USER_PATHS = NO;
				CLANG_ANALYZER_NONNULL = YES;
				CLANG_ANALYZER_NUMBER_OBJECT_CONVERSION = YES_AGGRESSIVE;
				CLANG_CXX_LANGUAGE_STANDARD = "gnu++14";
				CLANG_CXX_LIBRARY = "libc++";
				CLANG_ENABLE_MODULES = YES;
				CLANG_ENABLE_OBJC_ARC = YES;
				CLANG_WARN_BLOCK_CAPTURE_AUTORELEASING = YES;
				CLANG_WARN_BOOL_CONVERSION = YES;
				CLANG_WARN_COMMA = YES;
				CLANG_WARN_CONSTANT_CONVERSION = YES;
				CLANG_WARN_DIRECT_OBJC_ISA_USAGE = YES_ERROR;
				CLANG_WARN_DOCUMENTATION_COMMENTS = YES;
				CLANG_WARN_EMPTY_BODY = YES;
				CLANG_WARN_ENUM_CONVERSION = YES;
				CLANG_WARN_INFINITE_RECURSION = YES;
				CLANG_WARN_INT_CONVERSION = YES;
				CLANG_WARN_NON_LITERAL_NULL_CONVERSION = YES;
				CLANG_WARN_OBJC_LITERAL_CONVERSION = YES;
				CLANG_WARN_OBJC_ROOT_CLASS = YES_ERROR;
				CLANG_WARN_RANGE_LOOP_ANALYSIS = YES;
				CLANG_WARN_STRICT_PROTOTYPES = YES;
				CLANG_WARN_SUSPICIOUS_MOVE = YES;
				CLANG_WARN_UNGUARDED_AVAILABILITY = YES_AGGRESSIVE;
				CLANG_WARN_UNREACHABLE_CODE = YES;
				CLANG_WARN__DUPLICATE_METHOD_MATCH = YES;
				CODE_SIGN_IDENTITY = "iPhone Developer";
				COPY_PHASE_STRIP = NO;
				DEBUG_INFORMATION_FORMAT = dwarf;
				ENABLE_STRICT_OBJC_MSGSEND = YES;
				ENABLE_TESTABILITY = YES;
				GCC_C_LANGUAGE_STANDARD = gnu11;
				GCC_DYNAMIC_NO_PIC = NO;
				GCC_NO_COMMON_BLOCKS = YES;
				GCC_OPTIMIZATION_LEVEL = 0;
				GCC_PREPROCESSOR_DEFINITIONS = (
					"DEBUG=1",
					"$(inherited)",
				);
				GCC_WARN_64_TO_32_BIT_CONVERSION = YES;
				GCC_WARN_ABOUT_RETURN_TYPE = YES_ERROR;
				GCC_WARN_UNDECLARED_SELECTOR = YES;
				GCC_WARN_UNINITIALIZED_AUTOS = YES_AGGRESSIVE;
				GCC_WARN_UNUSED_FUNCTION = YES;
				GCC_WARN_UNUSED_VARIABLE = YES;
				IPHONEOS_DEPLOYMENT_TARGET = 11.2;
				MTL_ENABLE_DEBUG_INFO = YES;
				ONLY_ACTIVE_ARCH = YES;
				SDKROOT = iphoneos;
				SWIFT_ACTIVE_COMPILATION_CONDITIONS = DEBUG;
				SWIFT_OPTIMIZATION_LEVEL = "-Onone";
			};
			name = Debug;
		};
		6C5C24E32012BEA900D22CB1 /* Release */ = {
			isa = XCBuildConfiguration;
			buildSettings = {
				ALWAYS_SEARCH_USER_PATHS = NO;
				CLANG_ANALYZER_NONNULL = YES;
				CLANG_ANALYZER_NUMBER_OBJECT_CONVERSION = YES_AGGRESSIVE;
				CLANG_CXX_LANGUAGE_STANDARD = "gnu++14";
				CLANG_CXX_LIBRARY = "libc++";
				CLANG_ENABLE_MODULES = YES;
				CLANG_ENABLE_OBJC_ARC = YES;
				CLANG_WARN_BLOCK_CAPTURE_AUTORELEASING = YES;
				CLANG_WARN_BOOL_CONVERSION = YES;
				CLANG_WARN_COMMA = YES;
				CLANG_WARN_CONSTANT_CONVERSION = YES;
				CLANG_WARN_DIRECT_OBJC_ISA_USAGE = YES_ERROR;
				CLANG_WARN_DOCUMENTATION_COMMENTS = YES;
				CLANG_WARN_EMPTY_BODY = YES;
				CLANG_WARN_ENUM_CONVERSION = YES;
				CLANG_WARN_INFINITE_RECURSION = YES;
				CLANG_WARN_INT_CONVERSION = YES;
				CLANG_WARN_NON_LITERAL_NULL_CONVERSION = YES;
				CLANG_WARN_OBJC_LITERAL_CONVERSION = YES;
				CLANG_WARN_OBJC_ROOT_CLASS = YES_ERROR;
				CLANG_WARN_RANGE_LOOP_ANALYSIS = YES;
				CLANG_WARN_STRICT_PROTOTYPES = YES;
				CLANG_WARN_SUSPICIOUS_MOVE = YES;
				CLANG_WARN_UNGUARDED_AVAILABILITY = YES_AGGRESSIVE;
				CLANG_WARN_UNREACHABLE_CODE = YES;
				CLANG_WARN__DUPLICATE_METHOD_MATCH = YES;
				CODE_SIGN_IDENTITY = "iPhone Developer";
				COPY_PHASE_STRIP = NO;
				DEBUG_INFORMATION_FORMAT = "dwarf-with-dsym";
				ENABLE_NS_ASSERTIONS = NO;
				ENABLE_STRICT_OBJC_MSGSEND = YES;
				GCC_C_LANGUAGE_STANDARD = gnu11;
				GCC_NO_COMMON_BLOCKS = YES;
				GCC_WARN_64_TO_32_BIT_CONVERSION = YES;
				GCC_WARN_ABOUT_RETURN_TYPE = YES_ERROR;
				GCC_WARN_UNDECLARED_SELECTOR = YES;
				GCC_WARN_UNINITIALIZED_AUTOS = YES_AGGRESSIVE;
				GCC_WARN_UNUSED_FUNCTION = YES;
				GCC_WARN_UNUSED_VARIABLE = YES;
				IPHONEOS_DEPLOYMENT_TARGET = 11.2;
				MTL_ENABLE_DEBUG_INFO = NO;
				SDKROOT = iphoneos;
				SWIFT_OPTIMIZATION_LEVEL = "-Owholemodule";
				VALIDATE_PRODUCT = YES;
			};
			name = Release;
		};
		6C5C24E52012BEA900D22CB1 /* Debug */ = {
			isa = XCBuildConfiguration;
			buildSettings = {
				ASSETCATALOG_COMPILER_APPICON_NAME = AppIcon;
				CODE_SIGN_STYLE = Automatic;
				INFOPLIST_FILE = DesafioGirafas/Info.plist;
				LD_RUNPATH_SEARCH_PATHS = "$(inherited) @executable_path/Frameworks";
				PRODUCT_BUNDLE_IDENTIFIER = Vini.DesafioGirafas;
				PRODUCT_NAME = "$(TARGET_NAME)";
				SWIFT_VERSION = 4.0;
				TARGETED_DEVICE_FAMILY = "1,2";
			};
			name = Debug;
		};
		6C5C24E62012BEA900D22CB1 /* Release */ = {
			isa = XCBuildConfiguration;
			buildSettings = {
				ASSETCATALOG_COMPILER_APPICON_NAME = AppIcon;
				CODE_SIGN_STYLE = Automatic;
				INFOPLIST_FILE = DesafioGirafas/Info.plist;
				LD_RUNPATH_SEARCH_PATHS = "$(inherited) @executable_path/Frameworks";
				PRODUCT_BUNDLE_IDENTIFIER = Vini.DesafioGirafas;
				PRODUCT_NAME = "$(TARGET_NAME)";
				SWIFT_VERSION = 4.0;
				TARGETED_DEVICE_FAMILY = "1,2";
			};
			name = Release;
		};
/* End XCBuildConfiguration section */

/* Begin XCConfigurationList section */
		6C5C24CD2012BEA900D22CB1 /* Build configuration list for PBXProject "DesafioGirafas" */ = {
			isa = XCConfigurationList;
			buildConfigurations = (
				6C5C24E22012BEA900D22CB1 /* Debug */,
				6C5C24E32012BEA900D22CB1 /* Release */,
			);
			defaultConfigurationIsVisible = 0;
			defaultConfigurationName = Release;
		};
		6C5C24E42012BEA900D22CB1 /* Build configuration list for PBXNativeTarget "DesafioGirafas" */ = {
			isa = XCConfigurationList;
			buildConfigurations = (
				6C5C24E52012BEA900D22CB1 /* Debug */,
				6C5C24E62012BEA900D22CB1 /* Release */,
			);
			defaultConfigurationIsVisible = 0;
			defaultConfigurationName = Release;
		};
/* End XCConfigurationList section */
	};
	rootObject = 6C5C24CA2012BEA900D22CB1 /* Project object */;
}
