// !$*UTF8*$!
{
	archiveVersion = 1;
	classes = {
	};
	objectVersion = 48;
	objects = {

/* Begin PBXBuildFile section */
		6CCAF212201CE86700E9F116 /* AppDelegate.swift in Sources */ = {isa = PBXBuildFile; fileRef = 6CCAF211201CE86700E9F116 /* AppDelegate.swift */; };
		6CCAF214201CE86700E9F116 /* ViewController.swift in Sources */ = {isa = PBXBuildFile; fileRef = 6CCAF213201CE86700E9F116 /* ViewController.swift */; };
		6CCAF217201CE86700E9F116 /* Main.storyboard in Resources */ = {isa = PBXBuildFile; fileRef = 6CCAF215201CE86700E9F116 /* Main.storyboard */; };
		6CCAF219201CE86700E9F116 /* Assets.xcassets in Resources */ = {isa = PBXBuildFile; fileRef = 6CCAF218201CE86700E9F116 /* Assets.xcassets */; };
		6CCAF21C201CE86700E9F116 /* LaunchScreen.storyboard in Resources */ = {isa = PBXBuildFile; fileRef = 6CCAF21A201CE86700E9F116 /* LaunchScreen.storyboard */; };
		6CCAF224201CEB0100E9F116 /* firstbg.jpg in Resources */ = {isa = PBXBuildFile; fileRef = 6CCAF223201CEB0100E9F116 /* firstbg.jpg */; };
		6CCAF226201CF74C00E9F116 /* beerlogo.png in Resources */ = {isa = PBXBuildFile; fileRef = 6CCAF225201CF74C00E9F116 /* beerlogo.png */; };
/* End PBXBuildFile section */

/* Begin PBXFileReference section */
		6CCAF20E201CE86700E9F116 /* MyBeerProject.app */ = {isa = PBXFileReference; explicitFileType = wrapper.application; includeInIndex = 0; path = MyBeerProject.app; sourceTree = BUILT_PRODUCTS_DIR; };
		6CCAF211201CE86700E9F116 /* AppDelegate.swift */ = {isa = PBXFileReference; lastKnownFileType = sourcecode.swift; path = AppDelegate.swift; sourceTree = "<group>"; };
		6CCAF213201CE86700E9F116 /* ViewController.swift */ = {isa = PBXFileReference; lastKnownFileType = sourcecode.swift; path = ViewController.swift; sourceTree = "<group>"; };
		6CCAF216201CE86700E9F116 /* Base */ = {isa = PBXFileReference; lastKnownFileType = file.storyboard; name = Base; path = Base.lproj/Main.storyboard; sourceTree = "<group>"; };
		6CCAF218201CE86700E9F116 /* Assets.xcassets */ = {isa = PBXFileReference; lastKnownFileType = folder.assetcatalog; path = Assets.xcassets; sourceTree = "<group>"; };
		6CCAF21B201CE86700E9F116 /* Base */ = {isa = PBXFileReference; lastKnownFileType = file.storyboard; name = Base; path = Base.lproj/LaunchScreen.storyboard; sourceTree = "<group>"; };
		6CCAF21D201CE86700E9F116 /* Info.plist */ = {isa = PBXFileReference; lastKnownFileType = text.plist.xml; path = Info.plist; sourceTree = "<group>"; };
		6CCAF223201CEB0100E9F116 /* firstbg.jpg */ = {isa = PBXFileReference; lastKnownFileType = image.jpeg; path = firstbg.jpg; sourceTree = "<group>"; };
		6CCAF225201CF74C00E9F116 /* beerlogo.png */ = {isa = PBXFileReference; lastKnownFileType = image.png; path = beerlogo.png; sourceTree = "<group>"; };
/* End PBXFileReference section */

/* Begin PBXFrameworksBuildPhase section */
		6CCAF20B201CE86700E9F116 /* Frameworks */ = {
			isa = PBXFrameworksBuildPhase;
			buildActionMask = 2147483647;
			files = (
			);
			runOnlyForDeploymentPostprocessing = 0;
		};
/* End PBXFrameworksBuildPhase section */

/* Begin PBXGroup section */
		6CCAF205201CE86700E9F116 = {
			isa = PBXGroup;
			children = (
				6CCAF210201CE86700E9F116 /* MyBeerProject */,
				6CCAF20F201CE86700E9F116 /* Products */,
			);
			sourceTree = "<group>";
		};
		6CCAF20F201CE86700E9F116 /* Products */ = {
			isa = PBXGroup;
			children = (
				6CCAF20E201CE86700E9F116 /* MyBeerProject.app */,
			);
			name = Products;
			sourceTree = "<group>";
		};
		6CCAF210201CE86700E9F116 /* MyBeerProject */ = {
			isa = PBXGroup;
			children = (
				6CCAF223201CEB0100E9F116 /* firstbg.jpg */,
				6CCAF225201CF74C00E9F116 /* beerlogo.png */,
				6CCAF211201CE86700E9F116 /* AppDelegate.swift */,
				6CCAF213201CE86700E9F116 /* ViewController.swift */,
				6CCAF215201CE86700E9F116 /* Main.storyboard */,
				6CCAF218201CE86700E9F116 /* Assets.xcassets */,
				6CCAF21A201CE86700E9F116 /* LaunchScreen.storyboard */,
				6CCAF21D201CE86700E9F116 /* Info.plist */,
			);
			path = MyBeerProject;
			sourceTree = "<group>";
		};
/* End PBXGroup section */

/* Begin PBXNativeTarget section */
		6CCAF20D201CE86700E9F116 /* MyBeerProject */ = {
			isa = PBXNativeTarget;
			buildConfigurationList = 6CCAF220201CE86700E9F116 /* Build configuration list for PBXNativeTarget "MyBeerProject" */;
			buildPhases = (
				6CCAF20A201CE86700E9F116 /* Sources */,
				6CCAF20B201CE86700E9F116 /* Frameworks */,
				6CCAF20C201CE86700E9F116 /* Resources */,
			);
			buildRules = (
			);
			dependencies = (
			);
			name = MyBeerProject;
			productName = MyBeerProject;
			productReference = 6CCAF20E201CE86700E9F116 /* MyBeerProject.app */;
			productType = "com.apple.product-type.application";
		};
/* End PBXNativeTarget section */

/* Begin PBXProject section */
		6CCAF206201CE86700E9F116 /* Project object */ = {
			isa = PBXProject;
			attributes = {
				LastSwiftUpdateCheck = 0920;
				LastUpgradeCheck = 0920;
				ORGANIZATIONNAME = "Vinicius Luz Souza";
				TargetAttributes = {
					6CCAF20D201CE86700E9F116 = {
						CreatedOnToolsVersion = 9.2;
						ProvisioningStyle = Automatic;
					};
				};
			};
			buildConfigurationList = 6CCAF209201CE86700E9F116 /* Build configuration list for PBXProject "MyBeerProject" */;
			compatibilityVersion = "Xcode 8.0";
			developmentRegion = en;
			hasScannedForEncodings = 0;
			knownRegions = (
				en,
				Base,
			);
			mainGroup = 6CCAF205201CE86700E9F116;
			productRefGroup = 6CCAF20F201CE86700E9F116 /* Products */;
			projectDirPath = "";
			projectRoot = "";
			targets = (
				6CCAF20D201CE86700E9F116 /* MyBeerProject */,
			);
		};
/* End PBXProject section */

/* Begin PBXResourcesBuildPhase section */
		6CCAF20C201CE86700E9F116 /* Resources */ = {
			isa = PBXResourcesBuildPhase;
			buildActionMask = 2147483647;
			files = (
				6CCAF21C201CE86700E9F116 /* LaunchScreen.storyboard in Resources */,
				6CCAF219201CE86700E9F116 /* Assets.xcassets in Resources */,
				6CCAF224201CEB0100E9F116 /* firstbg.jpg in Resources */,
				6CCAF226201CF74C00E9F116 /* beerlogo.png in Resources */,
				6CCAF217201CE86700E9F116 /* Main.storyboard in Resources */,
			);
			runOnlyForDeploymentPostprocessing = 0;
		};
/* End PBXResourcesBuildPhase section */

/* Begin PBXSourcesBuildPhase section */
		6CCAF20A201CE86700E9F116 /* Sources */ = {
			isa = PBXSourcesBuildPhase;
			buildActionMask = 2147483647;
			files = (
				6CCAF214201CE86700E9F116 /* ViewController.swift in Sources */,
				6CCAF212201CE86700E9F116 /* AppDelegate.swift in Sources */,
			);
			runOnlyForDeploymentPostprocessing = 0;
		};
/* End PBXSourcesBuildPhase section */

/* Begin PBXVariantGroup section */
		6CCAF215201CE86700E9F116 /* Main.storyboard */ = {
			isa = PBXVariantGroup;
			children = (
				6CCAF216201CE86700E9F116 /* Base */,
			);
			name = Main.storyboard;
			sourceTree = "<group>";
		};
		6CCAF21A201CE86700E9F116 /* LaunchScreen.storyboard */ = {
			isa = PBXVariantGroup;
			children = (
				6CCAF21B201CE86700E9F116 /* Base */,
			);
			name = LaunchScreen.storyboard;
			sourceTree = "<group>";
		};
/* End PBXVariantGroup section */

/* Begin XCBuildConfiguration section */
		6CCAF21E201CE86700E9F116 /* Debug */ = {
			isa = XCBuildConfiguration;
			buildSettings = {
				ALWAYS_SEARCH_USER_PATHS = NO;
				CLANG_ANALYZER_NONNULL = YES;
				CLANG_ANALYZER_NUMBER_OBJECT_CONVERSION = YES_AGGRESSIVE;
				CLANG_CXX_LANGUAGE_STANDARD = "gnu++14";
				CLANG_CXX_LIBRARY = "libc++";
				CLANG_ENABLE_MODULES = YES;
				CLANG_ENABLE_OBJC_ARC = YES;
				CLANG_WARN_BLOCK_CAPTURE_AUTORELEASING = YES;
				CLANG_WARN_BOOL_CONVERSION = YES;
				CLANG_WARN_COMMA = YES;
				CLANG_WARN_CONSTANT_CONVERSION = YES;
				CLANG_WARN_DIRECT_OBJC_ISA_USAGE = YES_ERROR;
				CLANG_WARN_DOCUMENTATION_COMMENTS = YES;
				CLANG_WARN_EMPTY_BODY = YES;
				CLANG_WARN_ENUM_CONVERSION = YES;
				CLANG_WARN_INFINITE_RECURSION = YES;
				CLANG_WARN_INT_CONVERSION = YES;
				CLANG_WARN_NON_LITERAL_NULL_CONVERSION = YES;
				CLANG_WARN_OBJC_LITERAL_CONVERSION = YES;
				CLANG_WARN_OBJC_ROOT_CLASS = YES_ERROR;
				CLANG_WARN_RANGE_LOOP_ANALYSIS = YES;
				CLANG_WARN_STRICT_PROTOTYPES = YES;
				CLANG_WARN_SUSPICIOUS_MOVE = YES;
				CLANG_WARN_UNGUARDED_AVAILABILITY = YES_AGGRESSIVE;
				CLANG_WARN_UNREACHABLE_CODE = YES;
				CLANG_WARN__DUPLICATE_METHOD_MATCH = YES;
				CODE_SIGN_IDENTITY = "iPhone Developer";
				COPY_PHASE_STRIP = NO;
				DEBUG_INFORMATION_FORMAT = dwarf;
				ENABLE_STRICT_OBJC_MSGSEND = YES;
				ENABLE_TESTABILITY = YES;
				GCC_C_LANGUAGE_STANDARD = gnu11;
				GCC_DYNAMIC_NO_PIC = NO;
				GCC_NO_COMMON_BLOCKS = YES;
				GCC_OPTIMIZATION_LEVEL = 0;
				GCC_PREPROCESSOR_DEFINITIONS = (
					"DEBUG=1",
					"$(inherited)",
				);
				GCC_WARN_64_TO_32_BIT_CONVERSION = YES;
				GCC_WARN_ABOUT_RETURN_TYPE = YES_ERROR;
				GCC_WARN_UNDECLARED_SELECTOR = YES;
				GCC_WARN_UNINITIALIZED_AUTOS = YES_AGGRESSIVE;
				GCC_WARN_UNUSED_FUNCTION = YES;
				GCC_WARN_UNUSED_VARIABLE = YES;
				IPHONEOS_DEPLOYMENT_TARGET = 11.2;
				MTL_ENABLE_DEBUG_INFO = YES;
				ONLY_ACTIVE_ARCH = YES;
				SDKROOT = iphoneos;
				SWIFT_ACTIVE_COMPILATION_CONDITIONS = DEBUG;
				SWIFT_OPTIMIZATION_LEVEL = "-Onone";
			};
			name = Debug;
		};
		6CCAF21F201CE86700E9F116 /* Release */ = {
			isa = XCBuildConfiguration;
			buildSettings = {
				ALWAYS_SEARCH_USER_PATHS = NO;
				CLANG_ANALYZER_NONNULL = YES;
				CLANG_ANALYZER_NUMBER_OBJECT_CONVERSION = YES_AGGRESSIVE;
				CLANG_CXX_LANGUAGE_STANDARD = "gnu++14";
				CLANG_CXX_LIBRARY = "libc++";
				CLANG_ENABLE_MODULES = YES;
				CLANG_ENABLE_OBJC_ARC = YES;
				CLANG_WARN_BLOCK_CAPTURE_AUTORELEASING = YES;
				CLANG_WARN_BOOL_CONVERSION = YES;
				CLANG_WARN_COMMA = YES;
				CLANG_WARN_CONSTANT_CONVERSION = YES;
				CLANG_WARN_DIRECT_OBJC_ISA_USAGE = YES_ERROR;
				CLANG_WARN_DOCUMENTATION_COMMENTS = YES;
				CLANG_WARN_EMPTY_BODY = YES;
				CLANG_WARN_ENUM_CONVERSION = YES;
				CLANG_WARN_INFINITE_RECURSION = YES;
				CLANG_WARN_INT_CONVERSION = YES;
				CLANG_WARN_NON_LITERAL_NULL_CONVERSION = YES;
				CLANG_WARN_OBJC_LITERAL_CONVERSION = YES;
				CLANG_WARN_OBJC_ROOT_CLASS = YES_ERROR;
				CLANG_WARN_RANGE_LOOP_ANALYSIS = YES;
				CLANG_WARN_STRICT_PROTOTYPES = YES;
				CLANG_WARN_SUSPICIOUS_MOVE = YES;
				CLANG_WARN_UNGUARDED_AVAILABILITY = YES_AGGRESSIVE;
				CLANG_WARN_UNREACHABLE_CODE = YES;
				CLANG_WARN__DUPLICATE_METHOD_MATCH = YES;
				CODE_SIGN_IDENTITY = "iPhone Developer";
				COPY_PHASE_STRIP = NO;
				DEBUG_INFORMATION_FORMAT = "dwarf-with-dsym";
				ENABLE_NS_ASSERTIONS = NO;
				ENABLE_STRICT_OBJC_MSGSEND = YES;
				GCC_C_LANGUAGE_STANDARD = gnu11;
				GCC_NO_COMMON_BLOCKS = YES;
				GCC_WARN_64_TO_32_BIT_CONVERSION = YES;
				GCC_WARN_ABOUT_RETURN_TYPE = YES_ERROR;
				GCC_WARN_UNDECLARED_SELECTOR = YES;
				GCC_WARN_UNINITIALIZED_AUTOS = YES_AGGRESSIVE;
				GCC_WARN_UNUSED_FUNCTION = YES;
				GCC_WARN_UNUSED_VARIABLE = YES;
				IPHONEOS_DEPLOYMENT_TARGET = 11.2;
				MTL_ENABLE_DEBUG_INFO = NO;
				SDKROOT = iphoneos;
				SWIFT_OPTIMIZATION_LEVEL = "-Owholemodule";
				VALIDATE_PRODUCT = YES;
			};
			name = Release;
		};
		6CCAF221201CE86700E9F116 /* Debug */ = {
			isa = XCBuildConfiguration;
			buildSettings = {
				ASSETCATALOG_COMPILER_APPICON_NAME = AppIcon;
				CODE_SIGN_STYLE = Automatic;
				INFOPLIST_FILE = MyBeerProject/Info.plist;
				LD_RUNPATH_SEARCH_PATHS = "$(inherited) @executable_path/Frameworks";
				PRODUCT_BUNDLE_IDENTIFIER = Vini.MyBeerProject;
				PRODUCT_NAME = "$(TARGET_NAME)";
				SWIFT_VERSION = 4.0;
				TARGETED_DEVICE_FAMILY = "1,2";
			};
			name = Debug;
		};
		6CCAF222201CE86700E9F116 /* Release */ = {
			isa = XCBuildConfiguration;
			buildSettings = {
				ASSETCATALOG_COMPILER_APPICON_NAME = AppIcon;
				CODE_SIGN_STYLE = Automatic;
				INFOPLIST_FILE = MyBeerProject/Info.plist;
				LD_RUNPATH_SEARCH_PATHS = "$(inherited) @executable_path/Frameworks";
				PRODUCT_BUNDLE_IDENTIFIER = Vini.MyBeerProject;
				PRODUCT_NAME = "$(TARGET_NAME)";
				SWIFT_VERSION = 4.0;
				TARGETED_DEVICE_FAMILY = "1,2";
			};
			name = Release;
		};
/* End XCBuildConfiguration section */

/* Begin XCConfigurationList section */
		6CCAF209201CE86700E9F116 /* Build configuration list for PBXProject "MyBeerProject" */ = {
			isa = XCConfigurationList;
			buildConfigurations = (
				6CCAF21E201CE86700E9F116 /* Debug */,
				6CCAF21F201CE86700E9F116 /* Release */,
			);
			defaultConfigurationIsVisible = 0;
			defaultConfigurationName = Release;
		};
		6CCAF220201CE86700E9F116 /* Build configuration list for PBXNativeTarget "MyBeerProject" */ = {
			isa = XCConfigurationList;
			buildConfigurations = (
				6CCAF221201CE86700E9F116 /* Debug */,
				6CCAF222201CE86700E9F116 /* Release */,
			);
			defaultConfigurationIsVisible = 0;
			defaultConfigurationName = Release;
		};
/* End XCConfigurationList section */
	};
	rootObject = 6CCAF206201CE86700E9F116 /* Project object */;
}
