// !$*UTF8*$!
{
	archiveVersion = 1;
	classes = {
	};
	objectVersion = 48;
	objects = {

/* Begin PBXBuildFile section */
		EFC7BD66202B86C7005A00DD /* AppDelegate.swift in Sources */ = {isa = PBXBuildFile; fileRef = EFC7BD65202B86C7005A00DD /* AppDelegate.swift */; };
		EFC7BD68202B86C7005A00DD /* ViewController.swift in Sources */ = {isa = PBXBuildFile; fileRef = EFC7BD67202B86C7005A00DD /* ViewController.swift */; };
		EFC7BD6B202B86C7005A00DD /* Main.storyboard in Resources */ = {isa = PBXBuildFile; fileRef = EFC7BD69202B86C7005A00DD /* Main.storyboard */; };
		EFC7BD6D202B86C7005A00DD /* Assets.xcassets in Resources */ = {isa = PBXBuildFile; fileRef = EFC7BD6C202B86C7005A00DD /* Assets.xcassets */; };
		EFC7BD70202B86C7005A00DD /* LaunchScreen.storyboard in Resources */ = {isa = PBXBuildFile; fileRef = EFC7BD6E202B86C7005A00DD /* LaunchScreen.storyboard */; };
		EFC7BD7A202B86D4005A00DD /* grade.png in Resources */ = {isa = PBXBuildFile; fileRef = EFC7BD77202B86D4005A00DD /* grade.png */; };
		EFC7BD7B202B86D4005A00DD /* O.png in Resources */ = {isa = PBXBuildFile; fileRef = EFC7BD78202B86D4005A00DD /* O.png */; };
		EFC7BD7C202B86D4005A00DD /* X.png in Resources */ = {isa = PBXBuildFile; fileRef = EFC7BD79202B86D4005A00DD /* X.png */; };
		EFC7BD7E202B88EC005A00DD /* TTTImageView.swift in Sources */ = {isa = PBXBuildFile; fileRef = EFC7BD7D202B88EC005A00DD /* TTTImageView.swift */; };
/* End PBXBuildFile section */

/* Begin PBXFileReference section */
		EFC7BD62202B86C7005A00DD /* TicTacToeMultiplayer.app */ = {isa = PBXFileReference; explicitFileType = wrapper.application; includeInIndex = 0; path = TicTacToeMultiplayer.app; sourceTree = BUILT_PRODUCTS_DIR; };
		EFC7BD65202B86C7005A00DD /* AppDelegate.swift */ = {isa = PBXFileReference; lastKnownFileType = sourcecode.swift; path = AppDelegate.swift; sourceTree = "<group>"; };
		EFC7BD67202B86C7005A00DD /* ViewController.swift */ = {isa = PBXFileReference; lastKnownFileType = sourcecode.swift; path = ViewController.swift; sourceTree = "<group>"; };
		EFC7BD6A202B86C7005A00DD /* Base */ = {isa = PBXFileReference; lastKnownFileType = file.storyboard; name = Base; path = Base.lproj/Main.storyboard; sourceTree = "<group>"; };
		EFC7BD6C202B86C7005A00DD /* Assets.xcassets */ = {isa = PBXFileReference; lastKnownFileType = folder.assetcatalog; path = Assets.xcassets; sourceTree = "<group>"; };
		EFC7BD6F202B86C7005A00DD /* Base */ = {isa = PBXFileReference; lastKnownFileType = file.storyboard; name = Base; path = Base.lproj/LaunchScreen.storyboard; sourceTree = "<group>"; };
		EFC7BD71202B86C7005A00DD /* Info.plist */ = {isa = PBXFileReference; lastKnownFileType = text.plist.xml; path = Info.plist; sourceTree = "<group>"; };
		EFC7BD77202B86D4005A00DD /* grade.png */ = {isa = PBXFileReference; lastKnownFileType = image.png; path = grade.png; sourceTree = "<group>"; };
		EFC7BD78202B86D4005A00DD /* O.png */ = {isa = PBXFileReference; lastKnownFileType = image.png; path = O.png; sourceTree = "<group>"; };
		EFC7BD79202B86D4005A00DD /* X.png */ = {isa = PBXFileReference; lastKnownFileType = image.png; path = X.png; sourceTree = "<group>"; };
		EFC7BD7D202B88EC005A00DD /* TTTImageView.swift */ = {isa = PBXFileReference; lastKnownFileType = sourcecode.swift; path = TTTImageView.swift; sourceTree = "<group>"; };
/* End PBXFileReference section */

/* Begin PBXFrameworksBuildPhase section */
		EFC7BD5F202B86C7005A00DD /* Frameworks */ = {
			isa = PBXFrameworksBuildPhase;
			buildActionMask = 2147483647;
			files = (
			);
			runOnlyForDeploymentPostprocessing = 0;
		};
/* End PBXFrameworksBuildPhase section */

/* Begin PBXGroup section */
		EFC7BD59202B86C7005A00DD = {
			isa = PBXGroup;
			children = (
				EFC7BD64202B86C7005A00DD /* TicTacToeMultiplayer */,
				EFC7BD63202B86C7005A00DD /* Products */,
			);
			sourceTree = "<group>";
		};
		EFC7BD63202B86C7005A00DD /* Products */ = {
			isa = PBXGroup;
			children = (
				EFC7BD62202B86C7005A00DD /* TicTacToeMultiplayer.app */,
			);
			name = Products;
			sourceTree = "<group>";
		};
		EFC7BD64202B86C7005A00DD /* TicTacToeMultiplayer */ = {
			isa = PBXGroup;
			children = (
				EFC7BD65202B86C7005A00DD /* AppDelegate.swift */,
				EFC7BD67202B86C7005A00DD /* ViewController.swift */,
				EFC7BD7D202B88EC005A00DD /* TTTImageView.swift */,
				EFC7BD69202B86C7005A00DD /* Main.storyboard */,
				EFC7BD6C202B86C7005A00DD /* Assets.xcassets */,
				EFC7BD6E202B86C7005A00DD /* LaunchScreen.storyboard */,
				EFC7BD71202B86C7005A00DD /* Info.plist */,
				EFC7BD77202B86D4005A00DD /* grade.png */,
				EFC7BD78202B86D4005A00DD /* O.png */,
				EFC7BD79202B86D4005A00DD /* X.png */,
			);
			path = TicTacToeMultiplayer;
			sourceTree = "<group>";
		};
/* End PBXGroup section */

/* Begin PBXNativeTarget section */
		EFC7BD61202B86C7005A00DD /* TicTacToeMultiplayer */ = {
			isa = PBXNativeTarget;
			buildConfigurationList = EFC7BD74202B86C7005A00DD /* Build configuration list for PBXNativeTarget "TicTacToeMultiplayer" */;
			buildPhases = (
				EFC7BD5E202B86C7005A00DD /* Sources */,
				EFC7BD5F202B86C7005A00DD /* Frameworks */,
				EFC7BD60202B86C7005A00DD /* Resources */,
			);
			buildRules = (
			);
			dependencies = (
			);
			name = TicTacToeMultiplayer;
			productName = TicTacToeMultiplayer;
			productReference = EFC7BD62202B86C7005A00DD /* TicTacToeMultiplayer.app */;
			productType = "com.apple.product-type.application";
		};
/* End PBXNativeTarget section */

/* Begin PBXProject section */
		EFC7BD5A202B86C7005A00DD /* Project object */ = {
			isa = PBXProject;
			attributes = {
				LastSwiftUpdateCheck = 0920;
				LastUpgradeCheck = 0920;
				ORGANIZATIONNAME = "Tiago Souza";
				TargetAttributes = {
					EFC7BD61202B86C7005A00DD = {
						CreatedOnToolsVersion = 9.2;
						ProvisioningStyle = Automatic;
					};
				};
			};
			buildConfigurationList = EFC7BD5D202B86C7005A00DD /* Build configuration list for PBXProject "TicTacToeMultiplayer" */;
			compatibilityVersion = "Xcode 8.0";
			developmentRegion = en;
			hasScannedForEncodings = 0;
			knownRegions = (
				en,
				Base,
			);
			mainGroup = EFC7BD59202B86C7005A00DD;
			productRefGroup = EFC7BD63202B86C7005A00DD /* Products */;
			projectDirPath = "";
			projectRoot = "";
			targets = (
				EFC7BD61202B86C7005A00DD /* TicTacToeMultiplayer */,
			);
		};
/* End PBXProject section */

/* Begin PBXResourcesBuildPhase section */
		EFC7BD60202B86C7005A00DD /* Resources */ = {
			isa = PBXResourcesBuildPhase;
			buildActionMask = 2147483647;
			files = (
				EFC7BD7C202B86D4005A00DD /* X.png in Resources */,
				EFC7BD70202B86C7005A00DD /* LaunchScreen.storyboard in Resources */,
				EFC7BD6D202B86C7005A00DD /* Assets.xcassets in Resources */,
				EFC7BD6B202B86C7005A00DD /* Main.storyboard in Resources */,
				EFC7BD7A202B86D4005A00DD /* grade.png in Resources */,
				EFC7BD7B202B86D4005A00DD /* O.png in Resources */,
			);
			runOnlyForDeploymentPostprocessing = 0;
		};
/* End PBXResourcesBuildPhase section */

/* Begin PBXSourcesBuildPhase section */
		EFC7BD5E202B86C7005A00DD /* Sources */ = {
			isa = PBXSourcesBuildPhase;
			buildActionMask = 2147483647;
			files = (
				EFC7BD68202B86C7005A00DD /* ViewController.swift in Sources */,
				EFC7BD66202B86C7005A00DD /* AppDelegate.swift in Sources */,
				EFC7BD7E202B88EC005A00DD /* TTTImageView.swift in Sources */,
			);
			runOnlyForDeploymentPostprocessing = 0;
		};
/* End PBXSourcesBuildPhase section */

/* Begin PBXVariantGroup section */
		EFC7BD69202B86C7005A00DD /* Main.storyboard */ = {
			isa = PBXVariantGroup;
			children = (
				EFC7BD6A202B86C7005A00DD /* Base */,
			);
			name = Main.storyboard;
			sourceTree = "<group>";
		};
		EFC7BD6E202B86C7005A00DD /* LaunchScreen.storyboard */ = {
			isa = PBXVariantGroup;
			children = (
				EFC7BD6F202B86C7005A00DD /* Base */,
			);
			name = LaunchScreen.storyboard;
			sourceTree = "<group>";
		};
/* End PBXVariantGroup section */

/* Begin XCBuildConfiguration section */
		EFC7BD72202B86C7005A00DD /* Debug */ = {
			isa = XCBuildConfiguration;
			buildSettings = {
				ALWAYS_SEARCH_USER_PATHS = NO;
				CLANG_ANALYZER_NONNULL = YES;
				CLANG_ANALYZER_NUMBER_OBJECT_CONVERSION = YES_AGGRESSIVE;
				CLANG_CXX_LANGUAGE_STANDARD = "gnu++14";
				CLANG_CXX_LIBRARY = "libc++";
				CLANG_ENABLE_MODULES = YES;
				CLANG_ENABLE_OBJC_ARC = YES;
				CLANG_WARN_BLOCK_CAPTURE_AUTORELEASING = YES;
				CLANG_WARN_BOOL_CONVERSION = YES;
				CLANG_WARN_COMMA = YES;
				CLANG_WARN_CONSTANT_CONVERSION = YES;
				CLANG_WARN_DIRECT_OBJC_ISA_USAGE = YES_ERROR;
				CLANG_WARN_DOCUMENTATION_COMMENTS = YES;
				CLANG_WARN_EMPTY_BODY = YES;
				CLANG_WARN_ENUM_CONVERSION = YES;
				CLANG_WARN_INFINITE_RECURSION = YES;
				CLANG_WARN_INT_CONVERSION = YES;
				CLANG_WARN_NON_LITERAL_NULL_CONVERSION = YES;
				CLANG_WARN_OBJC_LITERAL_CONVERSION = YES;
				CLANG_WARN_OBJC_ROOT_CLASS = YES_ERROR;
				CLANG_WARN_RANGE_LOOP_ANALYSIS = YES;
				CLANG_WARN_STRICT_PROTOTYPES = YES;
				CLANG_WARN_SUSPICIOUS_MOVE = YES;
				CLANG_WARN_UNGUARDED_AVAILABILITY = YES_AGGRESSIVE;
				CLANG_WARN_UNREACHABLE_CODE = YES;
				CLANG_WARN__DUPLICATE_METHOD_MATCH = YES;
				CODE_SIGN_IDENTITY = "iPhone Developer";
				COPY_PHASE_STRIP = NO;
				DEBUG_INFORMATION_FORMAT = dwarf;
				ENABLE_STRICT_OBJC_MSGSEND = YES;
				ENABLE_TESTABILITY = YES;
				GCC_C_LANGUAGE_STANDARD = gnu11;
				GCC_DYNAMIC_NO_PIC = NO;
				GCC_NO_COMMON_BLOCKS = YES;
				GCC_OPTIMIZATION_LEVEL = 0;
				GCC_PREPROCESSOR_DEFINITIONS = (
					"DEBUG=1",
					"$(inherited)",
				);
				GCC_WARN_64_TO_32_BIT_CONVERSION = YES;
				GCC_WARN_ABOUT_RETURN_TYPE = YES_ERROR;
				GCC_WARN_UNDECLARED_SELECTOR = YES;
				GCC_WARN_UNINITIALIZED_AUTOS = YES_AGGRESSIVE;
				GCC_WARN_UNUSED_FUNCTION = YES;
				GCC_WARN_UNUSED_VARIABLE = YES;
				IPHONEOS_DEPLOYMENT_TARGET = 11.2;
				MTL_ENABLE_DEBUG_INFO = YES;
				ONLY_ACTIVE_ARCH = YES;
				SDKROOT = iphoneos;
				SWIFT_ACTIVE_COMPILATION_CONDITIONS = DEBUG;
				SWIFT_OPTIMIZATION_LEVEL = "-Onone";
			};
			name = Debug;
		};
		EFC7BD73202B86C7005A00DD /* Release */ = {
			isa = XCBuildConfiguration;
			buildSettings = {
				ALWAYS_SEARCH_USER_PATHS = NO;
				CLANG_ANALYZER_NONNULL = YES;
				CLANG_ANALYZER_NUMBER_OBJECT_CONVERSION = YES_AGGRESSIVE;
				CLANG_CXX_LANGUAGE_STANDARD = "gnu++14";
				CLANG_CXX_LIBRARY = "libc++";
				CLANG_ENABLE_MODULES = YES;
				CLANG_ENABLE_OBJC_ARC = YES;
				CLANG_WARN_BLOCK_CAPTURE_AUTORELEASING = YES;
				CLANG_WARN_BOOL_CONVERSION = YES;
				CLANG_WARN_COMMA = YES;
				CLANG_WARN_CONSTANT_CONVERSION = YES;
				CLANG_WARN_DIRECT_OBJC_ISA_USAGE = YES_ERROR;
				CLANG_WARN_DOCUMENTATION_COMMENTS = YES;
				CLANG_WARN_EMPTY_BODY = YES;
				CLANG_WARN_ENUM_CONVERSION = YES;
				CLANG_WARN_INFINITE_RECURSION = YES;
				CLANG_WARN_INT_CONVERSION = YES;
				CLANG_WARN_NON_LITERAL_NULL_CONVERSION = YES;
				CLANG_WARN_OBJC_LITERAL_CONVERSION = YES;
				CLANG_WARN_OBJC_ROOT_CLASS = YES_ERROR;
				CLANG_WARN_RANGE_LOOP_ANALYSIS = YES;
				CLANG_WARN_STRICT_PROTOTYPES = YES;
				CLANG_WARN_SUSPICIOUS_MOVE = YES;
				CLANG_WARN_UNGUARDED_AVAILABILITY = YES_AGGRESSIVE;
				CLANG_WARN_UNREACHABLE_CODE = YES;
				CLANG_WARN__DUPLICATE_METHOD_MATCH = YES;
				CODE_SIGN_IDENTITY = "iPhone Developer";
				COPY_PHASE_STRIP = NO;
				DEBUG_INFORMATION_FORMAT = "dwarf-with-dsym";
				ENABLE_NS_ASSERTIONS = NO;
				ENABLE_STRICT_OBJC_MSGSEND = YES;
				GCC_C_LANGUAGE_STANDARD = gnu11;
				GCC_NO_COMMON_BLOCKS = YES;
				GCC_WARN_64_TO_32_BIT_CONVERSION = YES;
				GCC_WARN_ABOUT_RETURN_TYPE = YES_ERROR;
				GCC_WARN_UNDECLARED_SELECTOR = YES;
				GCC_WARN_UNINITIALIZED_AUTOS = YES_AGGRESSIVE;
				GCC_WARN_UNUSED_FUNCTION = YES;
				GCC_WARN_UNUSED_VARIABLE = YES;
				IPHONEOS_DEPLOYMENT_TARGET = 11.2;
				MTL_ENABLE_DEBUG_INFO = NO;
				SDKROOT = iphoneos;
				SWIFT_OPTIMIZATION_LEVEL = "-Owholemodule";
				VALIDATE_PRODUCT = YES;
			};
			name = Release;
		};
		EFC7BD75202B86C7005A00DD /* Debug */ = {
			isa = XCBuildConfiguration;
			buildSettings = {
				ASSETCATALOG_COMPILER_APPICON_NAME = AppIcon;
				CODE_SIGN_STYLE = Automatic;
				DEVELOPMENT_TEAM = "";
				INFOPLIST_FILE = TicTacToeMultiplayer/Info.plist;
				LD_RUNPATH_SEARCH_PATHS = "$(inherited) @executable_path/Frameworks";
				PRODUCT_BUNDLE_IDENTIFIER = br.com.quaddro.TicTacToeMultiplayer;
				PRODUCT_NAME = "$(TARGET_NAME)";
				SWIFT_VERSION = 4.0;
				TARGETED_DEVICE_FAMILY = "1,2";
			};
			name = Debug;
		};
		EFC7BD76202B86C7005A00DD /* Release */ = {
			isa = XCBuildConfiguration;
			buildSettings = {
				ASSETCATALOG_COMPILER_APPICON_NAME = AppIcon;
				CODE_SIGN_STYLE = Automatic;
				DEVELOPMENT_TEAM = "";
				INFOPLIST_FILE = TicTacToeMultiplayer/Info.plist;
				LD_RUNPATH_SEARCH_PATHS = "$(inherited) @executable_path/Frameworks";
				PRODUCT_BUNDLE_IDENTIFIER = br.com.quaddro.TicTacToeMultiplayer;
				PRODUCT_NAME = "$(TARGET_NAME)";
				SWIFT_VERSION = 4.0;
				TARGETED_DEVICE_FAMILY = "1,2";
			};
			name = Release;
		};
/* End XCBuildConfiguration section */

/* Begin XCConfigurationList section */
		EFC7BD5D202B86C7005A00DD /* Build configuration list for PBXProject "TicTacToeMultiplayer" */ = {
			isa = XCConfigurationList;
			buildConfigurations = (
				EFC7BD72202B86C7005A00DD /* Debug */,
				EFC7BD73202B86C7005A00DD /* Release */,
			);
			defaultConfigurationIsVisible = 0;
			defaultConfigurationName = Release;
		};
		EFC7BD74202B86C7005A00DD /* Build configuration list for PBXNativeTarget "TicTacToeMultiplayer" */ = {
			isa = XCConfigurationList;
			buildConfigurations = (
				EFC7BD75202B86C7005A00DD /* Debug */,
				EFC7BD76202B86C7005A00DD /* Release */,
			);
			defaultConfigurationIsVisible = 0;
			defaultConfigurationName = Release;
		};
/* End XCConfigurationList section */
	};
	rootObject = EFC7BD5A202B86C7005A00DD /* Project object */;
}
