// !$*UTF8*$!
{
	archiveVersion = 1;
	classes = {
	};
	objectVersion = 48;
	objects = {

/* Begin PBXBuildFile section */
		6C04F7162044E3FE00838FC4 /* AppDelegate.swift in Sources */ = {isa = PBXBuildFile; fileRef = 6C04F7152044E3FE00838FC4 /* AppDelegate.swift */; };
		6C04F71B2044E3FE00838FC4 /* Main.storyboard in Resources */ = {isa = PBXBuildFile; fileRef = 6C04F7192044E3FE00838FC4 /* Main.storyboard */; };
		6C04F71D2044E3FE00838FC4 /* Assets.xcassets in Resources */ = {isa = PBXBuildFile; fileRef = 6C04F71C2044E3FE00838FC4 /* Assets.xcassets */; };
		6C04F7202044E3FE00838FC4 /* LaunchScreen.storyboard in Resources */ = {isa = PBXBuildFile; fileRef = 6C04F71E2044E3FE00838FC4 /* LaunchScreen.storyboard */; };
		6C04F7282044E61500838FC4 /* ListaTableViewController.swift in Sources */ = {isa = PBXBuildFile; fileRef = 6C04F7272044E61500838FC4 /* ListaTableViewController.swift */; };
		6C04F72C2044E92800838FC4 /* 5_Conselhos.pdf in Resources */ = {isa = PBXBuildFile; fileRef = 6C04F7292044E92700838FC4 /* 5_Conselhos.pdf */; };
		6C04F72D2044E92800838FC4 /* Marketing Digital.pdf in Resources */ = {isa = PBXBuildFile; fileRef = 6C04F72A2044E92700838FC4 /* Marketing Digital.pdf */; };
		6C04F72E2044E92800838FC4 /* Identdade da Sua Empresa.pdf in Resources */ = {isa = PBXBuildFile; fileRef = 6C04F72B2044E92800838FC4 /* Identdade da Sua Empresa.pdf */; };
/* End PBXBuildFile section */

/* Begin PBXFileReference section */
		6C04F7122044E3FE00838FC4 /* VisualizadorPDF.app */ = {isa = PBXFileReference; explicitFileType = wrapper.application; includeInIndex = 0; path = VisualizadorPDF.app; sourceTree = BUILT_PRODUCTS_DIR; };
		6C04F7152044E3FE00838FC4 /* AppDelegate.swift */ = {isa = PBXFileReference; lastKnownFileType = sourcecode.swift; path = AppDelegate.swift; sourceTree = "<group>"; };
		6C04F71A2044E3FE00838FC4 /* Base */ = {isa = PBXFileReference; lastKnownFileType = file.storyboard; name = Base; path = Base.lproj/Main.storyboard; sourceTree = "<group>"; };
		6C04F71C2044E3FE00838FC4 /* Assets.xcassets */ = {isa = PBXFileReference; lastKnownFileType = folder.assetcatalog; path = Assets.xcassets; sourceTree = "<group>"; };
		6C04F71F2044E3FE00838FC4 /* Base */ = {isa = PBXFileReference; lastKnownFileType = file.storyboard; name = Base; path = Base.lproj/LaunchScreen.storyboard; sourceTree = "<group>"; };
		6C04F7212044E3FE00838FC4 /* Info.plist */ = {isa = PBXFileReference; lastKnownFileType = text.plist.xml; path = Info.plist; sourceTree = "<group>"; };
		6C04F7272044E61500838FC4 /* ListaTableViewController.swift */ = {isa = PBXFileReference; lastKnownFileType = sourcecode.swift; path = ListaTableViewController.swift; sourceTree = "<group>"; };
		6C04F7292044E92700838FC4 /* 5_Conselhos.pdf */ = {isa = PBXFileReference; lastKnownFileType = image.pdf; path = 5_Conselhos.pdf; sourceTree = "<group>"; };
		6C04F72A2044E92700838FC4 /* Marketing Digital.pdf */ = {isa = PBXFileReference; lastKnownFileType = image.pdf; path = "Marketing Digital.pdf"; sourceTree = "<group>"; };
		6C04F72B2044E92800838FC4 /* Identdade da Sua Empresa.pdf */ = {isa = PBXFileReference; lastKnownFileType = image.pdf; path = "Identdade da Sua Empresa.pdf"; sourceTree = "<group>"; };
/* End PBXFileReference section */

/* Begin PBXFrameworksBuildPhase section */
		6C04F70F2044E3FE00838FC4 /* Frameworks */ = {
			isa = PBXFrameworksBuildPhase;
			buildActionMask = 2147483647;
			files = (
			);
			runOnlyForDeploymentPostprocessing = 0;
		};
/* End PBXFrameworksBuildPhase section */

/* Begin PBXGroup section */
		6C04F7092044E3FE00838FC4 = {
			isa = PBXGroup;
			children = (
				6C04F7142044E3FE00838FC4 /* VisualizadorPDF */,
				6C04F7132044E3FE00838FC4 /* Products */,
			);
			sourceTree = "<group>";
		};
		6C04F7132044E3FE00838FC4 /* Products */ = {
			isa = PBXGroup;
			children = (
				6C04F7122044E3FE00838FC4 /* VisualizadorPDF.app */,
			);
			name = Products;
			sourceTree = "<group>";
		};
		6C04F7142044E3FE00838FC4 /* VisualizadorPDF */ = {
			isa = PBXGroup;
			children = (
				6C04F7152044E3FE00838FC4 /* AppDelegate.swift */,
				6C04F7272044E61500838FC4 /* ListaTableViewController.swift */,
				6C04F7192044E3FE00838FC4 /* Main.storyboard */,
				6C04F71C2044E3FE00838FC4 /* Assets.xcassets */,
				6C04F71E2044E3FE00838FC4 /* LaunchScreen.storyboard */,
				6C04F7212044E3FE00838FC4 /* Info.plist */,
				6C04F7292044E92700838FC4 /* 5_Conselhos.pdf */,
				6C04F72B2044E92800838FC4 /* Identdade da Sua Empresa.pdf */,
				6C04F72A2044E92700838FC4 /* Marketing Digital.pdf */,
			);
			path = VisualizadorPDF;
			sourceTree = "<group>";
		};
/* End PBXGroup section */

/* Begin PBXNativeTarget section */
		6C04F7112044E3FE00838FC4 /* VisualizadorPDF */ = {
			isa = PBXNativeTarget;
			buildConfigurationList = 6C04F7242044E3FE00838FC4 /* Build configuration list for PBXNativeTarget "VisualizadorPDF" */;
			buildPhases = (
				6C04F70E2044E3FE00838FC4 /* Sources */,
				6C04F70F2044E3FE00838FC4 /* Frameworks */,
				6C04F7102044E3FE00838FC4 /* Resources */,
			);
			buildRules = (
			);
			dependencies = (
			);
			name = VisualizadorPDF;
			productName = VisualizadorPDF;
			productReference = 6C04F7122044E3FE00838FC4 /* VisualizadorPDF.app */;
			productType = "com.apple.product-type.application";
		};
/* End PBXNativeTarget section */

/* Begin PBXProject section */
		6C04F70A2044E3FE00838FC4 /* Project object */ = {
			isa = PBXProject;
			attributes = {
				LastSwiftUpdateCheck = 0920;
				LastUpgradeCheck = 0920;
				ORGANIZATIONNAME = "Vinicius Luz Souza";
				TargetAttributes = {
					6C04F7112044E3FE00838FC4 = {
						CreatedOnToolsVersion = 9.2;
						ProvisioningStyle = Automatic;
					};
				};
			};
			buildConfigurationList = 6C04F70D2044E3FE00838FC4 /* Build configuration list for PBXProject "VisualizadorPDF" */;
			compatibilityVersion = "Xcode 8.0";
			developmentRegion = en;
			hasScannedForEncodings = 0;
			knownRegions = (
				en,
				Base,
			);
			mainGroup = 6C04F7092044E3FE00838FC4;
			productRefGroup = 6C04F7132044E3FE00838FC4 /* Products */;
			projectDirPath = "";
			projectRoot = "";
			targets = (
				6C04F7112044E3FE00838FC4 /* VisualizadorPDF */,
			);
		};
/* End PBXProject section */

/* Begin PBXResourcesBuildPhase section */
		6C04F7102044E3FE00838FC4 /* Resources */ = {
			isa = PBXResourcesBuildPhase;
			buildActionMask = 2147483647;
			files = (
				6C04F7202044E3FE00838FC4 /* LaunchScreen.storyboard in Resources */,
				6C04F72C2044E92800838FC4 /* 5_Conselhos.pdf in Resources */,
				6C04F72D2044E92800838FC4 /* Marketing Digital.pdf in Resources */,
				6C04F71D2044E3FE00838FC4 /* Assets.xcassets in Resources */,
				6C04F71B2044E3FE00838FC4 /* Main.storyboard in Resources */,
				6C04F72E2044E92800838FC4 /* Identdade da Sua Empresa.pdf in Resources */,
			);
			runOnlyForDeploymentPostprocessing = 0;
		};
/* End PBXResourcesBuildPhase section */

/* Begin PBXSourcesBuildPhase section */
		6C04F70E2044E3FE00838FC4 /* Sources */ = {
			isa = PBXSourcesBuildPhase;
			buildActionMask = 2147483647;
			files = (
				6C04F7162044E3FE00838FC4 /* AppDelegate.swift in Sources */,
				6C04F7282044E61500838FC4 /* ListaTableViewController.swift in Sources */,
			);
			runOnlyForDeploymentPostprocessing = 0;
		};
/* End PBXSourcesBuildPhase section */

/* Begin PBXVariantGroup section */
		6C04F7192044E3FE00838FC4 /* Main.storyboard */ = {
			isa = PBXVariantGroup;
			children = (
				6C04F71A2044E3FE00838FC4 /* Base */,
			);
			name = Main.storyboard;
			sourceTree = "<group>";
		};
		6C04F71E2044E3FE00838FC4 /* LaunchScreen.storyboard */ = {
			isa = PBXVariantGroup;
			children = (
				6C04F71F2044E3FE00838FC4 /* Base */,
			);
			name = LaunchScreen.storyboard;
			sourceTree = "<group>";
		};
/* End PBXVariantGroup section */

/* Begin XCBuildConfiguration section */
		6C04F7222044E3FE00838FC4 /* Debug */ = {
			isa = XCBuildConfiguration;
			buildSettings = {
				ALWAYS_SEARCH_USER_PATHS = NO;
				CLANG_ANALYZER_NONNULL = YES;
				CLANG_ANALYZER_NUMBER_OBJECT_CONVERSION = YES_AGGRESSIVE;
				CLANG_CXX_LANGUAGE_STANDARD = "gnu++14";
				CLANG_CXX_LIBRARY = "libc++";
				CLANG_ENABLE_MODULES = YES;
				CLANG_ENABLE_OBJC_ARC = YES;
				CLANG_WARN_BLOCK_CAPTURE_AUTORELEASING = YES;
				CLANG_WARN_BOOL_CONVERSION = YES;
				CLANG_WARN_COMMA = YES;
				CLANG_WARN_CONSTANT_CONVERSION = YES;
				CLANG_WARN_DIRECT_OBJC_ISA_USAGE = YES_ERROR;
				CLANG_WARN_DOCUMENTATION_COMMENTS = YES;
				CLANG_WARN_EMPTY_BODY = YES;
				CLANG_WARN_ENUM_CONVERSION = YES;
				CLANG_WARN_INFINITE_RECURSION = YES;
				CLANG_WARN_INT_CONVERSION = YES;
				CLANG_WARN_NON_LITERAL_NULL_CONVERSION = YES;
				CLANG_WARN_OBJC_LITERAL_CONVERSION = YES;
				CLANG_WARN_OBJC_ROOT_CLASS = YES_ERROR;
				CLANG_WARN_RANGE_LOOP_ANALYSIS = YES;
				CLANG_WARN_STRICT_PROTOTYPES = YES;
				CLANG_WARN_SUSPICIOUS_MOVE = YES;
				CLANG_WARN_UNGUARDED_AVAILABILITY = YES_AGGRESSIVE;
				CLANG_WARN_UNREACHABLE_CODE = YES;
				CLANG_WARN__DUPLICATE_METHOD_MATCH = YES;
				CODE_SIGN_IDENTITY = "iPhone Developer";
				COPY_PHASE_STRIP = NO;
				DEBUG_INFORMATION_FORMAT = dwarf;
				ENABLE_STRICT_OBJC_MSGSEND = YES;
				ENABLE_TESTABILITY = YES;
				GCC_C_LANGUAGE_STANDARD = gnu11;
				GCC_DYNAMIC_NO_PIC = NO;
				GCC_NO_COMMON_BLOCKS = YES;
				GCC_OPTIMIZATION_LEVEL = 0;
				GCC_PREPROCESSOR_DEFINITIONS = (
					"DEBUG=1",
					"$(inherited)",
				);
				GCC_WARN_64_TO_32_BIT_CONVERSION = YES;
				GCC_WARN_ABOUT_RETURN_TYPE = YES_ERROR;
				GCC_WARN_UNDECLARED_SELECTOR = YES;
				GCC_WARN_UNINITIALIZED_AUTOS = YES_AGGRESSIVE;
				GCC_WARN_UNUSED_FUNCTION = YES;
				GCC_WARN_UNUSED_VARIABLE = YES;
				IPHONEOS_DEPLOYMENT_TARGET = 11.2;
				MTL_ENABLE_DEBUG_INFO = YES;
				ONLY_ACTIVE_ARCH = YES;
				SDKROOT = iphoneos;
				SWIFT_ACTIVE_COMPILATION_CONDITIONS = DEBUG;
				SWIFT_OPTIMIZATION_LEVEL = "-Onone";
			};
			name = Debug;
		};
		6C04F7232044E3FE00838FC4 /* Release */ = {
			isa = XCBuildConfiguration;
			buildSettings = {
				ALWAYS_SEARCH_USER_PATHS = NO;
				CLANG_ANALYZER_NONNULL = YES;
				CLANG_ANALYZER_NUMBER_OBJECT_CONVERSION = YES_AGGRESSIVE;
				CLANG_CXX_LANGUAGE_STANDARD = "gnu++14";
				CLANG_CXX_LIBRARY = "libc++";
				CLANG_ENABLE_MODULES = YES;
				CLANG_ENABLE_OBJC_ARC = YES;
				CLANG_WARN_BLOCK_CAPTURE_AUTORELEASING = YES;
				CLANG_WARN_BOOL_CONVERSION = YES;
				CLANG_WARN_COMMA = YES;
				CLANG_WARN_CONSTANT_CONVERSION = YES;
				CLANG_WARN_DIRECT_OBJC_ISA_USAGE = YES_ERROR;
				CLANG_WARN_DOCUMENTATION_COMMENTS = YES;
				CLANG_WARN_EMPTY_BODY = YES;
				CLANG_WARN_ENUM_CONVERSION = YES;
				CLANG_WARN_INFINITE_RECURSION = YES;
				CLANG_WARN_INT_CONVERSION = YES;
				CLANG_WARN_NON_LITERAL_NULL_CONVERSION = YES;
				CLANG_WARN_OBJC_LITERAL_CONVERSION = YES;
				CLANG_WARN_OBJC_ROOT_CLASS = YES_ERROR;
				CLANG_WARN_RANGE_LOOP_ANALYSIS = YES;
				CLANG_WARN_STRICT_PROTOTYPES = YES;
				CLANG_WARN_SUSPICIOUS_MOVE = YES;
				CLANG_WARN_UNGUARDED_AVAILABILITY = YES_AGGRESSIVE;
				CLANG_WARN_UNREACHABLE_CODE = YES;
				CLANG_WARN__DUPLICATE_METHOD_MATCH = YES;
				CODE_SIGN_IDENTITY = "iPhone Developer";
				COPY_PHASE_STRIP = NO;
				DEBUG_INFORMATION_FORMAT = "dwarf-with-dsym";
				ENABLE_NS_ASSERTIONS = NO;
				ENABLE_STRICT_OBJC_MSGSEND = YES;
				GCC_C_LANGUAGE_STANDARD = gnu11;
				GCC_NO_COMMON_BLOCKS = YES;
				GCC_WARN_64_TO_32_BIT_CONVERSION = YES;
				GCC_WARN_ABOUT_RETURN_TYPE = YES_ERROR;
				GCC_WARN_UNDECLARED_SELECTOR = YES;
				GCC_WARN_UNINITIALIZED_AUTOS = YES_AGGRESSIVE;
				GCC_WARN_UNUSED_FUNCTION = YES;
				GCC_WARN_UNUSED_VARIABLE = YES;
				IPHONEOS_DEPLOYMENT_TARGET = 11.2;
				MTL_ENABLE_DEBUG_INFO = NO;
				SDKROOT = iphoneos;
				SWIFT_OPTIMIZATION_LEVEL = "-Owholemodule";
				VALIDATE_PRODUCT = YES;
			};
			name = Release;
		};
		6C04F7252044E3FE00838FC4 /* Debug */ = {
			isa = XCBuildConfiguration;
			buildSettings = {
				ASSETCATALOG_COMPILER_APPICON_NAME = AppIcon;
				CODE_SIGN_STYLE = Automatic;
				INFOPLIST_FILE = VisualizadorPDF/Info.plist;
				LD_RUNPATH_SEARCH_PATHS = "$(inherited) @executable_path/Frameworks";
				PRODUCT_BUNDLE_IDENTIFIER = Vini.VisualizadorPDF;
				PRODUCT_NAME = "$(TARGET_NAME)";
				SWIFT_VERSION = 4.0;
				TARGETED_DEVICE_FAMILY = "1,2";
			};
			name = Debug;
		};
		6C04F7262044E3FE00838FC4 /* Release */ = {
			isa = XCBuildConfiguration;
			buildSettings = {
				ASSETCATALOG_COMPILER_APPICON_NAME = AppIcon;
				CODE_SIGN_STYLE = Automatic;
				INFOPLIST_FILE = VisualizadorPDF/Info.plist;
				LD_RUNPATH_SEARCH_PATHS = "$(inherited) @executable_path/Frameworks";
				PRODUCT_BUNDLE_IDENTIFIER = Vini.VisualizadorPDF;
				PRODUCT_NAME = "$(TARGET_NAME)";
				SWIFT_VERSION = 4.0;
				TARGETED_DEVICE_FAMILY = "1,2";
			};
			name = Release;
		};
/* End XCBuildConfiguration section */

/* Begin XCConfigurationList section */
		6C04F70D2044E3FE00838FC4 /* Build configuration list for PBXProject "VisualizadorPDF" */ = {
			isa = XCConfigurationList;
			buildConfigurations = (
				6C04F7222044E3FE00838FC4 /* Debug */,
				6C04F7232044E3FE00838FC4 /* Release */,
			);
			defaultConfigurationIsVisible = 0;
			defaultConfigurationName = Release;
		};
		6C04F7242044E3FE00838FC4 /* Build configuration list for PBXNativeTarget "VisualizadorPDF" */ = {
			isa = XCConfigurationList;
			buildConfigurations = (
				6C04F7252044E3FE00838FC4 /* Debug */,
				6C04F7262044E3FE00838FC4 /* Release */,
			);
			defaultConfigurationIsVisible = 0;
			defaultConfigurationName = Release;
		};
/* End XCConfigurationList section */
	};
	rootObject = 6C04F70A2044E3FE00838FC4 /* Project object */;
}
