// !$*UTF8*$!
{
	archiveVersion = 1;
	classes = {
	};
	objectVersion = 48;
	objects = {

/* Begin PBXBuildFile section */
		6CE31AEC20588F940041BB6E /* AppDelegate.swift in Sources */ = {isa = PBXBuildFile; fileRef = 6CE31AEB20588F940041BB6E /* AppDelegate.swift */; };
		6CE31AEE20588F940041BB6E /* ViewController.swift in Sources */ = {isa = PBXBuildFile; fileRef = 6CE31AED20588F940041BB6E /* ViewController.swift */; };
		6CE31AF120588F940041BB6E /* Main.storyboard in Resources */ = {isa = PBXBuildFile; fileRef = 6CE31AEF20588F940041BB6E /* Main.storyboard */; };
		6CE31AF320588F940041BB6E /* Assets.xcassets in Resources */ = {isa = PBXBuildFile; fileRef = 6CE31AF220588F940041BB6E /* Assets.xcassets */; };
		6CE31AF620588F940041BB6E /* LaunchScreen.storyboard in Resources */ = {isa = PBXBuildFile; fileRef = 6CE31AF420588F940041BB6E /* LaunchScreen.storyboard */; };
		6CE31B0A2058934C0041BB6E /* Nota_13.m4a in Resources */ = {isa = PBXBuildFile; fileRef = 6CE31AFD205893480041BB6E /* Nota_13.m4a */; };
		6CE31B0B2058934C0041BB6E /* Nota_1.m4a in Resources */ = {isa = PBXBuildFile; fileRef = 6CE31AFE205893490041BB6E /* Nota_1.m4a */; };
		6CE31B0C2058934C0041BB6E /* Nota_10.m4a in Resources */ = {isa = PBXBuildFile; fileRef = 6CE31AFF205893490041BB6E /* Nota_10.m4a */; };
		6CE31B0D2058934C0041BB6E /* Nota_3.m4a in Resources */ = {isa = PBXBuildFile; fileRef = 6CE31B00205893490041BB6E /* Nota_3.m4a */; };
		6CE31B0E2058934C0041BB6E /* Nota_8.m4a in Resources */ = {isa = PBXBuildFile; fileRef = 6CE31B01205893490041BB6E /* Nota_8.m4a */; };
		6CE31B0F2058934C0041BB6E /* Nota_9.m4a in Resources */ = {isa = PBXBuildFile; fileRef = 6CE31B022058934A0041BB6E /* Nota_9.m4a */; };
		6CE31B102058934C0041BB6E /* Nota_12.m4a in Resources */ = {isa = PBXBuildFile; fileRef = 6CE31B032058934A0041BB6E /* Nota_12.m4a */; };
		6CE31B112058934C0041BB6E /* Nota_4.m4a in Resources */ = {isa = PBXBuildFile; fileRef = 6CE31B042058934A0041BB6E /* Nota_4.m4a */; };
		6CE31B122058934C0041BB6E /* Nota_6.m4a in Resources */ = {isa = PBXBuildFile; fileRef = 6CE31B052058934B0041BB6E /* Nota_6.m4a */; };
		6CE31B132058934C0041BB6E /* Nota_2.m4a in Resources */ = {isa = PBXBuildFile; fileRef = 6CE31B062058934B0041BB6E /* Nota_2.m4a */; };
		6CE31B142058934C0041BB6E /* Nota_11.m4a in Resources */ = {isa = PBXBuildFile; fileRef = 6CE31B072058934B0041BB6E /* Nota_11.m4a */; };
		6CE31B152058934C0041BB6E /* Nota_7.m4a in Resources */ = {isa = PBXBuildFile; fileRef = 6CE31B082058934B0041BB6E /* Nota_7.m4a */; };
		6CE31B162058934C0041BB6E /* Nota_5.m4a in Resources */ = {isa = PBXBuildFile; fileRef = 6CE31B092058934C0041BB6E /* Nota_5.m4a */; };
/* End PBXBuildFile section */

/* Begin PBXFileReference section */
		6CE31AE820588F940041BB6E /* MeuPiano.app */ = {isa = PBXFileReference; explicitFileType = wrapper.application; includeInIndex = 0; path = MeuPiano.app; sourceTree = BUILT_PRODUCTS_DIR; };
		6CE31AEB20588F940041BB6E /* AppDelegate.swift */ = {isa = PBXFileReference; lastKnownFileType = sourcecode.swift; path = AppDelegate.swift; sourceTree = "<group>"; };
		6CE31AED20588F940041BB6E /* ViewController.swift */ = {isa = PBXFileReference; lastKnownFileType = sourcecode.swift; path = ViewController.swift; sourceTree = "<group>"; };
		6CE31AF020588F940041BB6E /* Base */ = {isa = PBXFileReference; lastKnownFileType = file.storyboard; name = Base; path = Base.lproj/Main.storyboard; sourceTree = "<group>"; };
		6CE31AF220588F940041BB6E /* Assets.xcassets */ = {isa = PBXFileReference; lastKnownFileType = folder.assetcatalog; path = Assets.xcassets; sourceTree = "<group>"; };
		6CE31AF520588F940041BB6E /* Base */ = {isa = PBXFileReference; lastKnownFileType = file.storyboard; name = Base; path = Base.lproj/LaunchScreen.storyboard; sourceTree = "<group>"; };
		6CE31AF720588F940041BB6E /* Info.plist */ = {isa = PBXFileReference; lastKnownFileType = text.plist.xml; path = Info.plist; sourceTree = "<group>"; };
		6CE31AFD205893480041BB6E /* Nota_13.m4a */ = {isa = PBXFileReference; lastKnownFileType = file; path = Nota_13.m4a; sourceTree = "<group>"; };
		6CE31AFE205893490041BB6E /* Nota_1.m4a */ = {isa = PBXFileReference; lastKnownFileType = file; path = Nota_1.m4a; sourceTree = "<group>"; };
		6CE31AFF205893490041BB6E /* Nota_10.m4a */ = {isa = PBXFileReference; lastKnownFileType = file; path = Nota_10.m4a; sourceTree = "<group>"; };
		6CE31B00205893490041BB6E /* Nota_3.m4a */ = {isa = PBXFileReference; lastKnownFileType = file; path = Nota_3.m4a; sourceTree = "<group>"; };
		6CE31B01205893490041BB6E /* Nota_8.m4a */ = {isa = PBXFileReference; lastKnownFileType = file; path = Nota_8.m4a; sourceTree = "<group>"; };
		6CE31B022058934A0041BB6E /* Nota_9.m4a */ = {isa = PBXFileReference; lastKnownFileType = file; path = Nota_9.m4a; sourceTree = "<group>"; };
		6CE31B032058934A0041BB6E /* Nota_12.m4a */ = {isa = PBXFileReference; lastKnownFileType = file; path = Nota_12.m4a; sourceTree = "<group>"; };
		6CE31B042058934A0041BB6E /* Nota_4.m4a */ = {isa = PBXFileReference; lastKnownFileType = file; path = Nota_4.m4a; sourceTree = "<group>"; };
		6CE31B052058934B0041BB6E /* Nota_6.m4a */ = {isa = PBXFileReference; lastKnownFileType = file; path = Nota_6.m4a; sourceTree = "<group>"; };
		6CE31B062058934B0041BB6E /* Nota_2.m4a */ = {isa = PBXFileReference; lastKnownFileType = file; path = Nota_2.m4a; sourceTree = "<group>"; };
		6CE31B072058934B0041BB6E /* Nota_11.m4a */ = {isa = PBXFileReference; lastKnownFileType = file; path = Nota_11.m4a; sourceTree = "<group>"; };
		6CE31B082058934B0041BB6E /* Nota_7.m4a */ = {isa = PBXFileReference; lastKnownFileType = file; path = Nota_7.m4a; sourceTree = "<group>"; };
		6CE31B092058934C0041BB6E /* Nota_5.m4a */ = {isa = PBXFileReference; lastKnownFileType = file; path = Nota_5.m4a; sourceTree = "<group>"; };
/* End PBXFileReference section */

/* Begin PBXFrameworksBuildPhase section */
		6CE31AE520588F940041BB6E /* Frameworks */ = {
			isa = PBXFrameworksBuildPhase;
			buildActionMask = 2147483647;
			files = (
			);
			runOnlyForDeploymentPostprocessing = 0;
		};
/* End PBXFrameworksBuildPhase section */

/* Begin PBXGroup section */
		6CE31ADF20588F940041BB6E = {
			isa = PBXGroup;
			children = (
				6CE31AEA20588F940041BB6E /* MeuPiano */,
				6CE31AE920588F940041BB6E /* Products */,
			);
			sourceTree = "<group>";
		};
		6CE31AE920588F940041BB6E /* Products */ = {
			isa = PBXGroup;
			children = (
				6CE31AE820588F940041BB6E /* MeuPiano.app */,
			);
			name = Products;
			sourceTree = "<group>";
		};
		6CE31AEA20588F940041BB6E /* MeuPiano */ = {
			isa = PBXGroup;
			children = (
				6CE31AEB20588F940041BB6E /* AppDelegate.swift */,
				6CE31AED20588F940041BB6E /* ViewController.swift */,
				6CE31AEF20588F940041BB6E /* Main.storyboard */,
				6CE31AF220588F940041BB6E /* Assets.xcassets */,
				6CE31AF420588F940041BB6E /* LaunchScreen.storyboard */,
				6CE31AF720588F940041BB6E /* Info.plist */,
				6CE31AFE205893490041BB6E /* Nota_1.m4a */,
				6CE31B062058934B0041BB6E /* Nota_2.m4a */,
				6CE31B00205893490041BB6E /* Nota_3.m4a */,
				6CE31B042058934A0041BB6E /* Nota_4.m4a */,
				6CE31B092058934C0041BB6E /* Nota_5.m4a */,
				6CE31B052058934B0041BB6E /* Nota_6.m4a */,
				6CE31B082058934B0041BB6E /* Nota_7.m4a */,
				6CE31B01205893490041BB6E /* Nota_8.m4a */,
				6CE31B022058934A0041BB6E /* Nota_9.m4a */,
				6CE31AFF205893490041BB6E /* Nota_10.m4a */,
				6CE31B072058934B0041BB6E /* Nota_11.m4a */,
				6CE31B032058934A0041BB6E /* Nota_12.m4a */,
				6CE31AFD205893480041BB6E /* Nota_13.m4a */,
			);
			path = MeuPiano;
			sourceTree = "<group>";
		};
/* End PBXGroup section */

/* Begin PBXNativeTarget section */
		6CE31AE720588F940041BB6E /* MeuPiano */ = {
			isa = PBXNativeTarget;
			buildConfigurationList = 6CE31AFA20588F940041BB6E /* Build configuration list for PBXNativeTarget "MeuPiano" */;
			buildPhases = (
				6CE31AE420588F940041BB6E /* Sources */,
				6CE31AE520588F940041BB6E /* Frameworks */,
				6CE31AE620588F940041BB6E /* Resources */,
			);
			buildRules = (
			);
			dependencies = (
			);
			name = MeuPiano;
			productName = MeuPiano;
			productReference = 6CE31AE820588F940041BB6E /* MeuPiano.app */;
			productType = "com.apple.product-type.application";
		};
/* End PBXNativeTarget section */

/* Begin PBXProject section */
		6CE31AE020588F940041BB6E /* Project object */ = {
			isa = PBXProject;
			attributes = {
				LastSwiftUpdateCheck = 0920;
				LastUpgradeCheck = 0920;
				ORGANIZATIONNAME = "Vinicius Luz Souza";
				TargetAttributes = {
					6CE31AE720588F940041BB6E = {
						CreatedOnToolsVersion = 9.2;
						ProvisioningStyle = Automatic;
					};
				};
			};
			buildConfigurationList = 6CE31AE320588F940041BB6E /* Build configuration list for PBXProject "MeuPiano" */;
			compatibilityVersion = "Xcode 8.0";
			developmentRegion = en;
			hasScannedForEncodings = 0;
			knownRegions = (
				en,
				Base,
			);
			mainGroup = 6CE31ADF20588F940041BB6E;
			productRefGroup = 6CE31AE920588F940041BB6E /* Products */;
			projectDirPath = "";
			projectRoot = "";
			targets = (
				6CE31AE720588F940041BB6E /* MeuPiano */,
			);
		};
/* End PBXProject section */

/* Begin PBXResourcesBuildPhase section */
		6CE31AE620588F940041BB6E /* Resources */ = {
			isa = PBXResourcesBuildPhase;
			buildActionMask = 2147483647;
			files = (
				6CE31B162058934C0041BB6E /* Nota_5.m4a in Resources */,
				6CE31B152058934C0041BB6E /* Nota_7.m4a in Resources */,
				6CE31B142058934C0041BB6E /* Nota_11.m4a in Resources */,
				6CE31B0D2058934C0041BB6E /* Nota_3.m4a in Resources */,
				6CE31B132058934C0041BB6E /* Nota_2.m4a in Resources */,
				6CE31B122058934C0041BB6E /* Nota_6.m4a in Resources */,
				6CE31B0F2058934C0041BB6E /* Nota_9.m4a in Resources */,
				6CE31B112058934C0041BB6E /* Nota_4.m4a in Resources */,
				6CE31B0B2058934C0041BB6E /* Nota_1.m4a in Resources */,
				6CE31B102058934C0041BB6E /* Nota_12.m4a in Resources */,
				6CE31B0A2058934C0041BB6E /* Nota_13.m4a in Resources */,
				6CE31B0E2058934C0041BB6E /* Nota_8.m4a in Resources */,
				6CE31AF620588F940041BB6E /* LaunchScreen.storyboard in Resources */,
				6CE31B0C2058934C0041BB6E /* Nota_10.m4a in Resources */,
				6CE31AF320588F940041BB6E /* Assets.xcassets in Resources */,
				6CE31AF120588F940041BB6E /* Main.storyboard in Resources */,
			);
			runOnlyForDeploymentPostprocessing = 0;
		};
/* End PBXResourcesBuildPhase section */

/* Begin PBXSourcesBuildPhase section */
		6CE31AE420588F940041BB6E /* Sources */ = {
			isa = PBXSourcesBuildPhase;
			buildActionMask = 2147483647;
			files = (
				6CE31AEE20588F940041BB6E /* ViewController.swift in Sources */,
				6CE31AEC20588F940041BB6E /* AppDelegate.swift in Sources */,
			);
			runOnlyForDeploymentPostprocessing = 0;
		};
/* End PBXSourcesBuildPhase section */

/* Begin PBXVariantGroup section */
		6CE31AEF20588F940041BB6E /* Main.storyboard */ = {
			isa = PBXVariantGroup;
			children = (
				6CE31AF020588F940041BB6E /* Base */,
			);
			name = Main.storyboard;
			sourceTree = "<group>";
		};
		6CE31AF420588F940041BB6E /* LaunchScreen.storyboard */ = {
			isa = PBXVariantGroup;
			children = (
				6CE31AF520588F940041BB6E /* Base */,
			);
			name = LaunchScreen.storyboard;
			sourceTree = "<group>";
		};
/* End PBXVariantGroup section */

/* Begin XCBuildConfiguration section */
		6CE31AF820588F940041BB6E /* Debug */ = {
			isa = XCBuildConfiguration;
			buildSettings = {
				ALWAYS_SEARCH_USER_PATHS = NO;
				CLANG_ANALYZER_NONNULL = YES;
				CLANG_ANALYZER_NUMBER_OBJECT_CONVERSION = YES_AGGRESSIVE;
				CLANG_CXX_LANGUAGE_STANDARD = "gnu++14";
				CLANG_CXX_LIBRARY = "libc++";
				CLANG_ENABLE_MODULES = YES;
				CLANG_ENABLE_OBJC_ARC = YES;
				CLANG_WARN_BLOCK_CAPTURE_AUTORELEASING = YES;
				CLANG_WARN_BOOL_CONVERSION = YES;
				CLANG_WARN_COMMA = YES;
				CLANG_WARN_CONSTANT_CONVERSION = YES;
				CLANG_WARN_DIRECT_OBJC_ISA_USAGE = YES_ERROR;
				CLANG_WARN_DOCUMENTATION_COMMENTS = YES;
				CLANG_WARN_EMPTY_BODY = YES;
				CLANG_WARN_ENUM_CONVERSION = YES;
				CLANG_WARN_INFINITE_RECURSION = YES;
				CLANG_WARN_INT_CONVERSION = YES;
				CLANG_WARN_NON_LITERAL_NULL_CONVERSION = YES;
				CLANG_WARN_OBJC_LITERAL_CONVERSION = YES;
				CLANG_WARN_OBJC_ROOT_CLASS = YES_ERROR;
				CLANG_WARN_RANGE_LOOP_ANALYSIS = YES;
				CLANG_WARN_STRICT_PROTOTYPES = YES;
				CLANG_WARN_SUSPICIOUS_MOVE = YES;
				CLANG_WARN_UNGUARDED_AVAILABILITY = YES_AGGRESSIVE;
				CLANG_WARN_UNREACHABLE_CODE = YES;
				CLANG_WARN__DUPLICATE_METHOD_MATCH = YES;
				CODE_SIGN_IDENTITY = "iPhone Developer";
				COPY_PHASE_STRIP = NO;
				DEBUG_INFORMATION_FORMAT = dwarf;
				ENABLE_STRICT_OBJC_MSGSEND = YES;
				ENABLE_TESTABILITY = YES;
				GCC_C_LANGUAGE_STANDARD = gnu11;
				GCC_DYNAMIC_NO_PIC = NO;
				GCC_NO_COMMON_BLOCKS = YES;
				GCC_OPTIMIZATION_LEVEL = 0;
				GCC_PREPROCESSOR_DEFINITIONS = (
					"DEBUG=1",
					"$(inherited)",
				);
				GCC_WARN_64_TO_32_BIT_CONVERSION = YES;
				GCC_WARN_ABOUT_RETURN_TYPE = YES_ERROR;
				GCC_WARN_UNDECLARED_SELECTOR = YES;
				GCC_WARN_UNINITIALIZED_AUTOS = YES_AGGRESSIVE;
				GCC_WARN_UNUSED_FUNCTION = YES;
				GCC_WARN_UNUSED_VARIABLE = YES;
				IPHONEOS_DEPLOYMENT_TARGET = 11.2;
				MTL_ENABLE_DEBUG_INFO = YES;
				ONLY_ACTIVE_ARCH = YES;
				SDKROOT = iphoneos;
				SWIFT_ACTIVE_COMPILATION_CONDITIONS = DEBUG;
				SWIFT_OPTIMIZATION_LEVEL = "-Onone";
			};
			name = Debug;
		};
		6CE31AF920588F940041BB6E /* Release */ = {
			isa = XCBuildConfiguration;
			buildSettings = {
				ALWAYS_SEARCH_USER_PATHS = NO;
				CLANG_ANALYZER_NONNULL = YES;
				CLANG_ANALYZER_NUMBER_OBJECT_CONVERSION = YES_AGGRESSIVE;
				CLANG_CXX_LANGUAGE_STANDARD = "gnu++14";
				CLANG_CXX_LIBRARY = "libc++";
				CLANG_ENABLE_MODULES = YES;
				CLANG_ENABLE_OBJC_ARC = YES;
				CLANG_WARN_BLOCK_CAPTURE_AUTORELEASING = YES;
				CLANG_WARN_BOOL_CONVERSION = YES;
				CLANG_WARN_COMMA = YES;
				CLANG_WARN_CONSTANT_CONVERSION = YES;
				CLANG_WARN_DIRECT_OBJC_ISA_USAGE = YES_ERROR;
				CLANG_WARN_DOCUMENTATION_COMMENTS = YES;
				CLANG_WARN_EMPTY_BODY = YES;
				CLANG_WARN_ENUM_CONVERSION = YES;
				CLANG_WARN_INFINITE_RECURSION = YES;
				CLANG_WARN_INT_CONVERSION = YES;
				CLANG_WARN_NON_LITERAL_NULL_CONVERSION = YES;
				CLANG_WARN_OBJC_LITERAL_CONVERSION = YES;
				CLANG_WARN_OBJC_ROOT_CLASS = YES_ERROR;
				CLANG_WARN_RANGE_LOOP_ANALYSIS = YES;
				CLANG_WARN_STRICT_PROTOTYPES = YES;
				CLANG_WARN_SUSPICIOUS_MOVE = YES;
				CLANG_WARN_UNGUARDED_AVAILABILITY = YES_AGGRESSIVE;
				CLANG_WARN_UNREACHABLE_CODE = YES;
				CLANG_WARN__DUPLICATE_METHOD_MATCH = YES;
				CODE_SIGN_IDENTITY = "iPhone Developer";
				COPY_PHASE_STRIP = NO;
				DEBUG_INFORMATION_FORMAT = "dwarf-with-dsym";
				ENABLE_NS_ASSERTIONS = NO;
				ENABLE_STRICT_OBJC_MSGSEND = YES;
				GCC_C_LANGUAGE_STANDARD = gnu11;
				GCC_NO_COMMON_BLOCKS = YES;
				GCC_WARN_64_TO_32_BIT_CONVERSION = YES;
				GCC_WARN_ABOUT_RETURN_TYPE = YES_ERROR;
				GCC_WARN_UNDECLARED_SELECTOR = YES;
				GCC_WARN_UNINITIALIZED_AUTOS = YES_AGGRESSIVE;
				GCC_WARN_UNUSED_FUNCTION = YES;
				GCC_WARN_UNUSED_VARIABLE = YES;
				IPHONEOS_DEPLOYMENT_TARGET = 11.2;
				MTL_ENABLE_DEBUG_INFO = NO;
				SDKROOT = iphoneos;
				SWIFT_OPTIMIZATION_LEVEL = "-Owholemodule";
				VALIDATE_PRODUCT = YES;
			};
			name = Release;
		};
		6CE31AFB20588F940041BB6E /* Debug */ = {
			isa = XCBuildConfiguration;
			buildSettings = {
				ASSETCATALOG_COMPILER_APPICON_NAME = AppIcon;
				CODE_SIGN_STYLE = Automatic;
				DEVELOPMENT_TEAM = JKM33C8SR8;
				INFOPLIST_FILE = MeuPiano/Info.plist;
				LD_RUNPATH_SEARCH_PATHS = "$(inherited) @executable_path/Frameworks";
				PRODUCT_BUNDLE_IDENTIFIER = Vini.MeuPiano;
				PRODUCT_NAME = "$(TARGET_NAME)";
				SWIFT_VERSION = 4.0;
				TARGETED_DEVICE_FAMILY = "1,2";
			};
			name = Debug;
		};
		6CE31AFC20588F940041BB6E /* Release */ = {
			isa = XCBuildConfiguration;
			buildSettings = {
				ASSETCATALOG_COMPILER_APPICON_NAME = AppIcon;
				CODE_SIGN_STYLE = Automatic;
				DEVELOPMENT_TEAM = JKM33C8SR8;
				INFOPLIST_FILE = MeuPiano/Info.plist;
				LD_RUNPATH_SEARCH_PATHS = "$(inherited) @executable_path/Frameworks";
				PRODUCT_BUNDLE_IDENTIFIER = Vini.MeuPiano;
				PRODUCT_NAME = "$(TARGET_NAME)";
				SWIFT_VERSION = 4.0;
				TARGETED_DEVICE_FAMILY = "1,2";
			};
			name = Release;
		};
/* End XCBuildConfiguration section */

/* Begin XCConfigurationList section */
		6CE31AE320588F940041BB6E /* Build configuration list for PBXProject "MeuPiano" */ = {
			isa = XCConfigurationList;
			buildConfigurations = (
				6CE31AF820588F940041BB6E /* Debug */,
				6CE31AF920588F940041BB6E /* Release */,
			);
			defaultConfigurationIsVisible = 0;
			defaultConfigurationName = Release;
		};
		6CE31AFA20588F940041BB6E /* Build configuration list for PBXNativeTarget "MeuPiano" */ = {
			isa = XCConfigurationList;
			buildConfigurations = (
				6CE31AFB20588F940041BB6E /* Debug */,
				6CE31AFC20588F940041BB6E /* Release */,
			);
			defaultConfigurationIsVisible = 0;
			defaultConfigurationName = Release;
		};
/* End XCConfigurationList section */
	};
	rootObject = 6CE31AE020588F940041BB6E /* Project object */;
}
