// !$*UTF8*$!
{
	archiveVersion = 1;
	classes = {
	};
	objectVersion = 48;
	objects = {

/* Begin PBXBuildFile section */
		6C04F6CE2044BE8B00838FC4 /* AppDelegate.swift in Sources */ = {isa = PBXBuildFile; fileRef = 6C04F6CD2044BE8B00838FC4 /* AppDelegate.swift */; };
		6C04F6D02044BE8C00838FC4 /* ViewController.swift in Sources */ = {isa = PBXBuildFile; fileRef = 6C04F6CF2044BE8C00838FC4 /* ViewController.swift */; };
		6C04F6D32044BE8C00838FC4 /* Main.storyboard in Resources */ = {isa = PBXBuildFile; fileRef = 6C04F6D12044BE8C00838FC4 /* Main.storyboard */; };
		6C04F6D52044BE8C00838FC4 /* Assets.xcassets in Resources */ = {isa = PBXBuildFile; fileRef = 6C04F6D42044BE8C00838FC4 /* Assets.xcassets */; };
		6C04F6D82044BE8C00838FC4 /* LaunchScreen.storyboard in Resources */ = {isa = PBXBuildFile; fileRef = 6C04F6D62044BE8C00838FC4 /* LaunchScreen.storyboard */; };
		6C04F6E02044C32D00838FC4 /* 5_Conselhos.pdf in Resources */ = {isa = PBXBuildFile; fileRef = 6C04F6DF2044C32D00838FC4 /* 5_Conselhos.pdf */; };
/* End PBXBuildFile section */

/* Begin PBXFileReference section */
		6C04F6CA2044BE8B00838FC4 /* QuickLookSimples.app */ = {isa = PBXFileReference; explicitFileType = wrapper.application; includeInIndex = 0; path = QuickLookSimples.app; sourceTree = BUILT_PRODUCTS_DIR; };
		6C04F6CD2044BE8B00838FC4 /* AppDelegate.swift */ = {isa = PBXFileReference; lastKnownFileType = sourcecode.swift; path = AppDelegate.swift; sourceTree = "<group>"; };
		6C04F6CF2044BE8C00838FC4 /* ViewController.swift */ = {isa = PBXFileReference; lastKnownFileType = sourcecode.swift; path = ViewController.swift; sourceTree = "<group>"; };
		6C04F6D22044BE8C00838FC4 /* Base */ = {isa = PBXFileReference; lastKnownFileType = file.storyboard; name = Base; path = Base.lproj/Main.storyboard; sourceTree = "<group>"; };
		6C04F6D42044BE8C00838FC4 /* Assets.xcassets */ = {isa = PBXFileReference; lastKnownFileType = folder.assetcatalog; path = Assets.xcassets; sourceTree = "<group>"; };
		6C04F6D72044BE8C00838FC4 /* Base */ = {isa = PBXFileReference; lastKnownFileType = file.storyboard; name = Base; path = Base.lproj/LaunchScreen.storyboard; sourceTree = "<group>"; };
		6C04F6D92044BE8C00838FC4 /* Info.plist */ = {isa = PBXFileReference; lastKnownFileType = text.plist.xml; path = Info.plist; sourceTree = "<group>"; };
		6C04F6DF2044C32D00838FC4 /* 5_Conselhos.pdf */ = {isa = PBXFileReference; lastKnownFileType = image.pdf; path = 5_Conselhos.pdf; sourceTree = "<group>"; };
/* End PBXFileReference section */

/* Begin PBXFrameworksBuildPhase section */
		6C04F6C72044BE8B00838FC4 /* Frameworks */ = {
			isa = PBXFrameworksBuildPhase;
			buildActionMask = 2147483647;
			files = (
			);
			runOnlyForDeploymentPostprocessing = 0;
		};
/* End PBXFrameworksBuildPhase section */

/* Begin PBXGroup section */
		6C04F6C12044BE8B00838FC4 = {
			isa = PBXGroup;
			children = (
				6C04F6CC2044BE8B00838FC4 /* QuickLookSimples */,
				6C04F6CB2044BE8B00838FC4 /* Products */,
			);
			sourceTree = "<group>";
		};
		6C04F6CB2044BE8B00838FC4 /* Products */ = {
			isa = PBXGroup;
			children = (
				6C04F6CA2044BE8B00838FC4 /* QuickLookSimples.app */,
			);
			name = Products;
			sourceTree = "<group>";
		};
		6C04F6CC2044BE8B00838FC4 /* QuickLookSimples */ = {
			isa = PBXGroup;
			children = (
				6C04F6CD2044BE8B00838FC4 /* AppDelegate.swift */,
				6C04F6CF2044BE8C00838FC4 /* ViewController.swift */,
				6C04F6D12044BE8C00838FC4 /* Main.storyboard */,
				6C04F6D42044BE8C00838FC4 /* Assets.xcassets */,
				6C04F6D62044BE8C00838FC4 /* LaunchScreen.storyboard */,
				6C04F6D92044BE8C00838FC4 /* Info.plist */,
				6C04F6DF2044C32D00838FC4 /* 5_Conselhos.pdf */,
			);
			path = QuickLookSimples;
			sourceTree = "<group>";
		};
/* End PBXGroup section */

/* Begin PBXNativeTarget section */
		6C04F6C92044BE8B00838FC4 /* QuickLookSimples */ = {
			isa = PBXNativeTarget;
			buildConfigurationList = 6C04F6DC2044BE8C00838FC4 /* Build configuration list for PBXNativeTarget "QuickLookSimples" */;
			buildPhases = (
				6C04F6C62044BE8B00838FC4 /* Sources */,
				6C04F6C72044BE8B00838FC4 /* Frameworks */,
				6C04F6C82044BE8B00838FC4 /* Resources */,
			);
			buildRules = (
			);
			dependencies = (
			);
			name = QuickLookSimples;
			productName = QuickLookSimples;
			productReference = 6C04F6CA2044BE8B00838FC4 /* QuickLookSimples.app */;
			productType = "com.apple.product-type.application";
		};
/* End PBXNativeTarget section */

/* Begin PBXProject section */
		6C04F6C22044BE8B00838FC4 /* Project object */ = {
			isa = PBXProject;
			attributes = {
				LastSwiftUpdateCheck = 0920;
				LastUpgradeCheck = 0920;
				ORGANIZATIONNAME = "Vinicius Luz Souza";
				TargetAttributes = {
					6C04F6C92044BE8B00838FC4 = {
						CreatedOnToolsVersion = 9.2;
						ProvisioningStyle = Automatic;
					};
				};
			};
			buildConfigurationList = 6C04F6C52044BE8B00838FC4 /* Build configuration list for PBXProject "QuickLookSimples" */;
			compatibilityVersion = "Xcode 8.0";
			developmentRegion = en;
			hasScannedForEncodings = 0;
			knownRegions = (
				en,
				Base,
			);
			mainGroup = 6C04F6C12044BE8B00838FC4;
			productRefGroup = 6C04F6CB2044BE8B00838FC4 /* Products */;
			projectDirPath = "";
			projectRoot = "";
			targets = (
				6C04F6C92044BE8B00838FC4 /* QuickLookSimples */,
			);
		};
/* End PBXProject section */

/* Begin PBXResourcesBuildPhase section */
		6C04F6C82044BE8B00838FC4 /* Resources */ = {
			isa = PBXResourcesBuildPhase;
			buildActionMask = 2147483647;
			files = (
				6C04F6D82044BE8C00838FC4 /* LaunchScreen.storyboard in Resources */,
				6C04F6E02044C32D00838FC4 /* 5_Conselhos.pdf in Resources */,
				6C04F6D52044BE8C00838FC4 /* Assets.xcassets in Resources */,
				6C04F6D32044BE8C00838FC4 /* Main.storyboard in Resources */,
			);
			runOnlyForDeploymentPostprocessing = 0;
		};
/* End PBXResourcesBuildPhase section */

/* Begin PBXSourcesBuildPhase section */
		6C04F6C62044BE8B00838FC4 /* Sources */ = {
			isa = PBXSourcesBuildPhase;
			buildActionMask = 2147483647;
			files = (
				6C04F6D02044BE8C00838FC4 /* ViewController.swift in Sources */,
				6C04F6CE2044BE8B00838FC4 /* AppDelegate.swift in Sources */,
			);
			runOnlyForDeploymentPostprocessing = 0;
		};
/* End PBXSourcesBuildPhase section */

/* Begin PBXVariantGroup section */
		6C04F6D12044BE8C00838FC4 /* Main.storyboard */ = {
			isa = PBXVariantGroup;
			children = (
				6C04F6D22044BE8C00838FC4 /* Base */,
			);
			name = Main.storyboard;
			sourceTree = "<group>";
		};
		6C04F6D62044BE8C00838FC4 /* LaunchScreen.storyboard */ = {
			isa = PBXVariantGroup;
			children = (
				6C04F6D72044BE8C00838FC4 /* Base */,
			);
			name = LaunchScreen.storyboard;
			sourceTree = "<group>";
		};
/* End PBXVariantGroup section */

/* Begin XCBuildConfiguration section */
		6C04F6DA2044BE8C00838FC4 /* Debug */ = {
			isa = XCBuildConfiguration;
			buildSettings = {
				ALWAYS_SEARCH_USER_PATHS = NO;
				CLANG_ANALYZER_NONNULL = YES;
				CLANG_ANALYZER_NUMBER_OBJECT_CONVERSION = YES_AGGRESSIVE;
				CLANG_CXX_LANGUAGE_STANDARD = "gnu++14";
				CLANG_CXX_LIBRARY = "libc++";
				CLANG_ENABLE_MODULES = YES;
				CLANG_ENABLE_OBJC_ARC = YES;
				CLANG_WARN_BLOCK_CAPTURE_AUTORELEASING = YES;
				CLANG_WARN_BOOL_CONVERSION = YES;
				CLANG_WARN_COMMA = YES;
				CLANG_WARN_CONSTANT_CONVERSION = YES;
				CLANG_WARN_DIRECT_OBJC_ISA_USAGE = YES_ERROR;
				CLANG_WARN_DOCUMENTATION_COMMENTS = YES;
				CLANG_WARN_EMPTY_BODY = YES;
				CLANG_WARN_ENUM_CONVERSION = YES;
				CLANG_WARN_INFINITE_RECURSION = YES;
				CLANG_WARN_INT_CONVERSION = YES;
				CLANG_WARN_NON_LITERAL_NULL_CONVERSION = YES;
				CLANG_WARN_OBJC_LITERAL_CONVERSION = YES;
				CLANG_WARN_OBJC_ROOT_CLASS = YES_ERROR;
				CLANG_WARN_RANGE_LOOP_ANALYSIS = YES;
				CLANG_WARN_STRICT_PROTOTYPES = YES;
				CLANG_WARN_SUSPICIOUS_MOVE = YES;
				CLANG_WARN_UNGUARDED_AVAILABILITY = YES_AGGRESSIVE;
				CLANG_WARN_UNREACHABLE_CODE = YES;
				CLANG_WARN__DUPLICATE_METHOD_MATCH = YES;
				CODE_SIGN_IDENTITY = "iPhone Developer";
				COPY_PHASE_STRIP = NO;
				DEBUG_INFORMATION_FORMAT = dwarf;
				ENABLE_STRICT_OBJC_MSGSEND = YES;
				ENABLE_TESTABILITY = YES;
				GCC_C_LANGUAGE_STANDARD = gnu11;
				GCC_DYNAMIC_NO_PIC = NO;
				GCC_NO_COMMON_BLOCKS = YES;
				GCC_OPTIMIZATION_LEVEL = 0;
				GCC_PREPROCESSOR_DEFINITIONS = (
					"DEBUG=1",
					"$(inherited)",
				);
				GCC_WARN_64_TO_32_BIT_CONVERSION = YES;
				GCC_WARN_ABOUT_RETURN_TYPE = YES_ERROR;
				GCC_WARN_UNDECLARED_SELECTOR = YES;
				GCC_WARN_UNINITIALIZED_AUTOS = YES_AGGRESSIVE;
				GCC_WARN_UNUSED_FUNCTION = YES;
				GCC_WARN_UNUSED_VARIABLE = YES;
				IPHONEOS_DEPLOYMENT_TARGET = 11.2;
				MTL_ENABLE_DEBUG_INFO = YES;
				ONLY_ACTIVE_ARCH = YES;
				SDKROOT = iphoneos;
				SWIFT_ACTIVE_COMPILATION_CONDITIONS = DEBUG;
				SWIFT_OPTIMIZATION_LEVEL = "-Onone";
			};
			name = Debug;
		};
		6C04F6DB2044BE8C00838FC4 /* Release */ = {
			isa = XCBuildConfiguration;
			buildSettings = {
				ALWAYS_SEARCH_USER_PATHS = NO;
				CLANG_ANALYZER_NONNULL = YES;
				CLANG_ANALYZER_NUMBER_OBJECT_CONVERSION = YES_AGGRESSIVE;
				CLANG_CXX_LANGUAGE_STANDARD = "gnu++14";
				CLANG_CXX_LIBRARY = "libc++";
				CLANG_ENABLE_MODULES = YES;
				CLANG_ENABLE_OBJC_ARC = YES;
				CLANG_WARN_BLOCK_CAPTURE_AUTORELEASING = YES;
				CLANG_WARN_BOOL_CONVERSION = YES;
				CLANG_WARN_COMMA = YES;
				CLANG_WARN_CONSTANT_CONVERSION = YES;
				CLANG_WARN_DIRECT_OBJC_ISA_USAGE = YES_ERROR;
				CLANG_WARN_DOCUMENTATION_COMMENTS = YES;
				CLANG_WARN_EMPTY_BODY = YES;
				CLANG_WARN_ENUM_CONVERSION = YES;
				CLANG_WARN_INFINITE_RECURSION = YES;
				CLANG_WARN_INT_CONVERSION = YES;
				CLANG_WARN_NON_LITERAL_NULL_CONVERSION = YES;
				CLANG_WARN_OBJC_LITERAL_CONVERSION = YES;
				CLANG_WARN_OBJC_ROOT_CLASS = YES_ERROR;
				CLANG_WARN_RANGE_LOOP_ANALYSIS = YES;
				CLANG_WARN_STRICT_PROTOTYPES = YES;
				CLANG_WARN_SUSPICIOUS_MOVE = YES;
				CLANG_WARN_UNGUARDED_AVAILABILITY = YES_AGGRESSIVE;
				CLANG_WARN_UNREACHABLE_CODE = YES;
				CLANG_WARN__DUPLICATE_METHOD_MATCH = YES;
				CODE_SIGN_IDENTITY = "iPhone Developer";
				COPY_PHASE_STRIP = NO;
				DEBUG_INFORMATION_FORMAT = "dwarf-with-dsym";
				ENABLE_NS_ASSERTIONS = NO;
				ENABLE_STRICT_OBJC_MSGSEND = YES;
				GCC_C_LANGUAGE_STANDARD = gnu11;
				GCC_NO_COMMON_BLOCKS = YES;
				GCC_WARN_64_TO_32_BIT_CONVERSION = YES;
				GCC_WARN_ABOUT_RETURN_TYPE = YES_ERROR;
				GCC_WARN_UNDECLARED_SELECTOR = YES;
				GCC_WARN_UNINITIALIZED_AUTOS = YES_AGGRESSIVE;
				GCC_WARN_UNUSED_FUNCTION = YES;
				GCC_WARN_UNUSED_VARIABLE = YES;
				IPHONEOS_DEPLOYMENT_TARGET = 11.2;
				MTL_ENABLE_DEBUG_INFO = NO;
				SDKROOT = iphoneos;
				SWIFT_OPTIMIZATION_LEVEL = "-Owholemodule";
				VALIDATE_PRODUCT = YES;
			};
			name = Release;
		};
		6C04F6DD2044BE8C00838FC4 /* Debug */ = {
			isa = XCBuildConfiguration;
			buildSettings = {
				ASSETCATALOG_COMPILER_APPICON_NAME = AppIcon;
				CODE_SIGN_STYLE = Automatic;
				INFOPLIST_FILE = QuickLookSimples/Info.plist;
				LD_RUNPATH_SEARCH_PATHS = "$(inherited) @executable_path/Frameworks";
				PRODUCT_BUNDLE_IDENTIFIER = Vini.QuickLookSimples;
				PRODUCT_NAME = "$(TARGET_NAME)";
				SWIFT_VERSION = 4.0;
				TARGETED_DEVICE_FAMILY = "1,2";
			};
			name = Debug;
		};
		6C04F6DE2044BE8C00838FC4 /* Release */ = {
			isa = XCBuildConfiguration;
			buildSettings = {
				ASSETCATALOG_COMPILER_APPICON_NAME = AppIcon;
				CODE_SIGN_STYLE = Automatic;
				INFOPLIST_FILE = QuickLookSimples/Info.plist;
				LD_RUNPATH_SEARCH_PATHS = "$(inherited) @executable_path/Frameworks";
				PRODUCT_BUNDLE_IDENTIFIER = Vini.QuickLookSimples;
				PRODUCT_NAME = "$(TARGET_NAME)";
				SWIFT_VERSION = 4.0;
				TARGETED_DEVICE_FAMILY = "1,2";
			};
			name = Release;
		};
/* End XCBuildConfiguration section */

/* Begin XCConfigurationList section */
		6C04F6C52044BE8B00838FC4 /* Build configuration list for PBXProject "QuickLookSimples" */ = {
			isa = XCConfigurationList;
			buildConfigurations = (
				6C04F6DA2044BE8C00838FC4 /* Debug */,
				6C04F6DB2044BE8C00838FC4 /* Release */,
			);
			defaultConfigurationIsVisible = 0;
			defaultConfigurationName = Release;
		};
		6C04F6DC2044BE8C00838FC4 /* Build configuration list for PBXNativeTarget "QuickLookSimples" */ = {
			isa = XCConfigurationList;
			buildConfigurations = (
				6C04F6DD2044BE8C00838FC4 /* Debug */,
				6C04F6DE2044BE8C00838FC4 /* Release */,
			);
			defaultConfigurationIsVisible = 0;
			defaultConfigurationName = Release;
		};
/* End XCConfigurationList section */
	};
	rootObject = 6C04F6C22044BE8B00838FC4 /* Project object */;
}
