// !$*UTF8*$!
{
	archiveVersion = 1;
	classes = {
	};
	objectVersion = 48;
	objects = {

/* Begin PBXBuildFile section */
		6C25B11C202D14C10079D2A2 /* AppDelegate.swift in Sources */ = {isa = PBXBuildFile; fileRef = 6C25B11B202D14C10079D2A2 /* AppDelegate.swift */; };
		6C25B11E202D14C10079D2A2 /* ViewController.swift in Sources */ = {isa = PBXBuildFile; fileRef = 6C25B11D202D14C10079D2A2 /* ViewController.swift */; };
		6C25B121202D14C10079D2A2 /* Main.storyboard in Resources */ = {isa = PBXBuildFile; fileRef = 6C25B11F202D14C10079D2A2 /* Main.storyboard */; };
		6C25B123202D14C10079D2A2 /* Assets.xcassets in Resources */ = {isa = PBXBuildFile; fileRef = 6C25B122202D14C10079D2A2 /* Assets.xcassets */; };
		6C25B126202D14C10079D2A2 /* LaunchScreen.storyboard in Resources */ = {isa = PBXBuildFile; fileRef = 6C25B124202D14C10079D2A2 /* LaunchScreen.storyboard */; };
		6C25B12E202D1CA10079D2A2 /* Tela2ViewController.swift in Sources */ = {isa = PBXBuildFile; fileRef = 6C25B12D202D1CA10079D2A2 /* Tela2ViewController.swift */; };
		6C25B134202D20E10079D2A2 /* gaguinho.jpg in Resources */ = {isa = PBXBuildFile; fileRef = 6C25B12F202D20E00079D2A2 /* gaguinho.jpg */; };
		6C25B135202D20E10079D2A2 /* coyote.jpg in Resources */ = {isa = PBXBuildFile; fileRef = 6C25B130202D20E00079D2A2 /* coyote.jpg */; };
		6C25B136202D20E10079D2A2 /* mickey.jpg in Resources */ = {isa = PBXBuildFile; fileRef = 6C25B131202D20E00079D2A2 /* mickey.jpg */; };
		6C25B137202D20E10079D2A2 /* patolino.jpg in Resources */ = {isa = PBXBuildFile; fileRef = 6C25B132202D20E00079D2A2 /* patolino.jpg */; };
		6C25B138202D20E10079D2A2 /* pateta.jpg in Resources */ = {isa = PBXBuildFile; fileRef = 6C25B133202D20E10079D2A2 /* pateta.jpg */; };
/* End PBXBuildFile section */

/* Begin PBXFileReference section */
		6C25B118202D14C10079D2A2 /* DesafioDesbloqueiaPersonagemProf.app */ = {isa = PBXFileReference; explicitFileType = wrapper.application; includeInIndex = 0; path = DesafioDesbloqueiaPersonagemProf.app; sourceTree = BUILT_PRODUCTS_DIR; };
		6C25B11B202D14C10079D2A2 /* AppDelegate.swift */ = {isa = PBXFileReference; lastKnownFileType = sourcecode.swift; path = AppDelegate.swift; sourceTree = "<group>"; };
		6C25B11D202D14C10079D2A2 /* ViewController.swift */ = {isa = PBXFileReference; lastKnownFileType = sourcecode.swift; path = ViewController.swift; sourceTree = "<group>"; };
		6C25B120202D14C10079D2A2 /* Base */ = {isa = PBXFileReference; lastKnownFileType = file.storyboard; name = Base; path = Base.lproj/Main.storyboard; sourceTree = "<group>"; };
		6C25B122202D14C10079D2A2 /* Assets.xcassets */ = {isa = PBXFileReference; lastKnownFileType = folder.assetcatalog; path = Assets.xcassets; sourceTree = "<group>"; };
		6C25B125202D14C10079D2A2 /* Base */ = {isa = PBXFileReference; lastKnownFileType = file.storyboard; name = Base; path = Base.lproj/LaunchScreen.storyboard; sourceTree = "<group>"; };
		6C25B127202D14C10079D2A2 /* Info.plist */ = {isa = PBXFileReference; lastKnownFileType = text.plist.xml; path = Info.plist; sourceTree = "<group>"; };
		6C25B12D202D1CA10079D2A2 /* Tela2ViewController.swift */ = {isa = PBXFileReference; lastKnownFileType = sourcecode.swift; path = Tela2ViewController.swift; sourceTree = "<group>"; };
		6C25B12F202D20E00079D2A2 /* gaguinho.jpg */ = {isa = PBXFileReference; lastKnownFileType = image.jpeg; path = gaguinho.jpg; sourceTree = "<group>"; };
		6C25B130202D20E00079D2A2 /* coyote.jpg */ = {isa = PBXFileReference; lastKnownFileType = image.jpeg; path = coyote.jpg; sourceTree = "<group>"; };
		6C25B131202D20E00079D2A2 /* mickey.jpg */ = {isa = PBXFileReference; lastKnownFileType = image.jpeg; path = mickey.jpg; sourceTree = "<group>"; };
		6C25B132202D20E00079D2A2 /* patolino.jpg */ = {isa = PBXFileReference; lastKnownFileType = image.jpeg; path = patolino.jpg; sourceTree = "<group>"; };
		6C25B133202D20E10079D2A2 /* pateta.jpg */ = {isa = PBXFileReference; lastKnownFileType = image.jpeg; path = pateta.jpg; sourceTree = "<group>"; };
/* End PBXFileReference section */

/* Begin PBXFrameworksBuildPhase section */
		6C25B115202D14C10079D2A2 /* Frameworks */ = {
			isa = PBXFrameworksBuildPhase;
			buildActionMask = 2147483647;
			files = (
			);
			runOnlyForDeploymentPostprocessing = 0;
		};
/* End PBXFrameworksBuildPhase section */

/* Begin PBXGroup section */
		6C25B10F202D14C10079D2A2 = {
			isa = PBXGroup;
			children = (
				6C25B11A202D14C10079D2A2 /* DesafioDesbloqueiaPersonagemProf */,
				6C25B119202D14C10079D2A2 /* Products */,
			);
			sourceTree = "<group>";
		};
		6C25B119202D14C10079D2A2 /* Products */ = {
			isa = PBXGroup;
			children = (
				6C25B118202D14C10079D2A2 /* DesafioDesbloqueiaPersonagemProf.app */,
			);
			name = Products;
			sourceTree = "<group>";
		};
		6C25B11A202D14C10079D2A2 /* DesafioDesbloqueiaPersonagemProf */ = {
			isa = PBXGroup;
			children = (
				6C25B139202D20E50079D2A2 /* imagens */,
				6C25B11B202D14C10079D2A2 /* AppDelegate.swift */,
				6C25B11D202D14C10079D2A2 /* ViewController.swift */,
				6C25B11F202D14C10079D2A2 /* Main.storyboard */,
				6C25B12D202D1CA10079D2A2 /* Tela2ViewController.swift */,
				6C25B122202D14C10079D2A2 /* Assets.xcassets */,
				6C25B124202D14C10079D2A2 /* LaunchScreen.storyboard */,
				6C25B127202D14C10079D2A2 /* Info.plist */,
			);
			path = DesafioDesbloqueiaPersonagemProf;
			sourceTree = "<group>";
		};
		6C25B139202D20E50079D2A2 /* imagens */ = {
			isa = PBXGroup;
			children = (
				6C25B130202D20E00079D2A2 /* coyote.jpg */,
				6C25B12F202D20E00079D2A2 /* gaguinho.jpg */,
				6C25B131202D20E00079D2A2 /* mickey.jpg */,
				6C25B133202D20E10079D2A2 /* pateta.jpg */,
				6C25B132202D20E00079D2A2 /* patolino.jpg */,
			);
			path = imagens;
			sourceTree = "<group>";
		};
/* End PBXGroup section */

/* Begin PBXNativeTarget section */
		6C25B117202D14C10079D2A2 /* DesafioDesbloqueiaPersonagemProf */ = {
			isa = PBXNativeTarget;
			buildConfigurationList = 6C25B12A202D14C10079D2A2 /* Build configuration list for PBXNativeTarget "DesafioDesbloqueiaPersonagemProf" */;
			buildPhases = (
				6C25B114202D14C10079D2A2 /* Sources */,
				6C25B115202D14C10079D2A2 /* Frameworks */,
				6C25B116202D14C10079D2A2 /* Resources */,
			);
			buildRules = (
			);
			dependencies = (
			);
			name = DesafioDesbloqueiaPersonagemProf;
			productName = DesafioDesbloqueiaPersonagemProf;
			productReference = 6C25B118202D14C10079D2A2 /* DesafioDesbloqueiaPersonagemProf.app */;
			productType = "com.apple.product-type.application";
		};
/* End PBXNativeTarget section */

/* Begin PBXProject section */
		6C25B110202D14C10079D2A2 /* Project object */ = {
			isa = PBXProject;
			attributes = {
				LastSwiftUpdateCheck = 0920;
				LastUpgradeCheck = 0920;
				ORGANIZATIONNAME = "Vinicius Luz Souza";
				TargetAttributes = {
					6C25B117202D14C10079D2A2 = {
						CreatedOnToolsVersion = 9.2;
						ProvisioningStyle = Automatic;
					};
				};
			};
			buildConfigurationList = 6C25B113202D14C10079D2A2 /* Build configuration list for PBXProject "DesafioDesbloqueiaPersonagemProf" */;
			compatibilityVersion = "Xcode 8.0";
			developmentRegion = en;
			hasScannedForEncodings = 0;
			knownRegions = (
				en,
				Base,
			);
			mainGroup = 6C25B10F202D14C10079D2A2;
			productRefGroup = 6C25B119202D14C10079D2A2 /* Products */;
			projectDirPath = "";
			projectRoot = "";
			targets = (
				6C25B117202D14C10079D2A2 /* DesafioDesbloqueiaPersonagemProf */,
			);
		};
/* End PBXProject section */

/* Begin PBXResourcesBuildPhase section */
		6C25B116202D14C10079D2A2 /* Resources */ = {
			isa = PBXResourcesBuildPhase;
			buildActionMask = 2147483647;
			files = (
				6C25B138202D20E10079D2A2 /* pateta.jpg in Resources */,
				6C25B126202D14C10079D2A2 /* LaunchScreen.storyboard in Resources */,
				6C25B134202D20E10079D2A2 /* gaguinho.jpg in Resources */,
				6C25B123202D14C10079D2A2 /* Assets.xcassets in Resources */,
				6C25B137202D20E10079D2A2 /* patolino.jpg in Resources */,
				6C25B121202D14C10079D2A2 /* Main.storyboard in Resources */,
				6C25B135202D20E10079D2A2 /* coyote.jpg in Resources */,
				6C25B136202D20E10079D2A2 /* mickey.jpg in Resources */,
			);
			runOnlyForDeploymentPostprocessing = 0;
		};
/* End PBXResourcesBuildPhase section */

/* Begin PBXSourcesBuildPhase section */
		6C25B114202D14C10079D2A2 /* Sources */ = {
			isa = PBXSourcesBuildPhase;
			buildActionMask = 2147483647;
			files = (
				6C25B11E202D14C10079D2A2 /* ViewController.swift in Sources */,
				6C25B11C202D14C10079D2A2 /* AppDelegate.swift in Sources */,
				6C25B12E202D1CA10079D2A2 /* Tela2ViewController.swift in Sources */,
			);
			runOnlyForDeploymentPostprocessing = 0;
		};
/* End PBXSourcesBuildPhase section */

/* Begin PBXVariantGroup section */
		6C25B11F202D14C10079D2A2 /* Main.storyboard */ = {
			isa = PBXVariantGroup;
			children = (
				6C25B120202D14C10079D2A2 /* Base */,
			);
			name = Main.storyboard;
			sourceTree = "<group>";
		};
		6C25B124202D14C10079D2A2 /* LaunchScreen.storyboard */ = {
			isa = PBXVariantGroup;
			children = (
				6C25B125202D14C10079D2A2 /* Base */,
			);
			name = LaunchScreen.storyboard;
			sourceTree = "<group>";
		};
/* End PBXVariantGroup section */

/* Begin XCBuildConfiguration section */
		6C25B128202D14C10079D2A2 /* Debug */ = {
			isa = XCBuildConfiguration;
			buildSettings = {
				ALWAYS_SEARCH_USER_PATHS = NO;
				CLANG_ANALYZER_NONNULL = YES;
				CLANG_ANALYZER_NUMBER_OBJECT_CONVERSION = YES_AGGRESSIVE;
				CLANG_CXX_LANGUAGE_STANDARD = "gnu++14";
				CLANG_CXX_LIBRARY = "libc++";
				CLANG_ENABLE_MODULES = YES;
				CLANG_ENABLE_OBJC_ARC = YES;
				CLANG_WARN_BLOCK_CAPTURE_AUTORELEASING = YES;
				CLANG_WARN_BOOL_CONVERSION = YES;
				CLANG_WARN_COMMA = YES;
				CLANG_WARN_CONSTANT_CONVERSION = YES;
				CLANG_WARN_DIRECT_OBJC_ISA_USAGE = YES_ERROR;
				CLANG_WARN_DOCUMENTATION_COMMENTS = YES;
				CLANG_WARN_EMPTY_BODY = YES;
				CLANG_WARN_ENUM_CONVERSION = YES;
				CLANG_WARN_INFINITE_RECURSION = YES;
				CLANG_WARN_INT_CONVERSION = YES;
				CLANG_WARN_NON_LITERAL_NULL_CONVERSION = YES;
				CLANG_WARN_OBJC_LITERAL_CONVERSION = YES;
				CLANG_WARN_OBJC_ROOT_CLASS = YES_ERROR;
				CLANG_WARN_RANGE_LOOP_ANALYSIS = YES;
				CLANG_WARN_STRICT_PROTOTYPES = YES;
				CLANG_WARN_SUSPICIOUS_MOVE = YES;
				CLANG_WARN_UNGUARDED_AVAILABILITY = YES_AGGRESSIVE;
				CLANG_WARN_UNREACHABLE_CODE = YES;
				CLANG_WARN__DUPLICATE_METHOD_MATCH = YES;
				CODE_SIGN_IDENTITY = "iPhone Developer";
				COPY_PHASE_STRIP = NO;
				DEBUG_INFORMATION_FORMAT = dwarf;
				ENABLE_STRICT_OBJC_MSGSEND = YES;
				ENABLE_TESTABILITY = YES;
				GCC_C_LANGUAGE_STANDARD = gnu11;
				GCC_DYNAMIC_NO_PIC = NO;
				GCC_NO_COMMON_BLOCKS = YES;
				GCC_OPTIMIZATION_LEVEL = 0;
				GCC_PREPROCESSOR_DEFINITIONS = (
					"DEBUG=1",
					"$(inherited)",
				);
				GCC_WARN_64_TO_32_BIT_CONVERSION = YES;
				GCC_WARN_ABOUT_RETURN_TYPE = YES_ERROR;
				GCC_WARN_UNDECLARED_SELECTOR = YES;
				GCC_WARN_UNINITIALIZED_AUTOS = YES_AGGRESSIVE;
				GCC_WARN_UNUSED_FUNCTION = YES;
				GCC_WARN_UNUSED_VARIABLE = YES;
				IPHONEOS_DEPLOYMENT_TARGET = 11.2;
				MTL_ENABLE_DEBUG_INFO = YES;
				ONLY_ACTIVE_ARCH = YES;
				SDKROOT = iphoneos;
				SWIFT_ACTIVE_COMPILATION_CONDITIONS = DEBUG;
				SWIFT_OPTIMIZATION_LEVEL = "-Onone";
			};
			name = Debug;
		};
		6C25B129202D14C10079D2A2 /* Release */ = {
			isa = XCBuildConfiguration;
			buildSettings = {
				ALWAYS_SEARCH_USER_PATHS = NO;
				CLANG_ANALYZER_NONNULL = YES;
				CLANG_ANALYZER_NUMBER_OBJECT_CONVERSION = YES_AGGRESSIVE;
				CLANG_CXX_LANGUAGE_STANDARD = "gnu++14";
				CLANG_CXX_LIBRARY = "libc++";
				CLANG_ENABLE_MODULES = YES;
				CLANG_ENABLE_OBJC_ARC = YES;
				CLANG_WARN_BLOCK_CAPTURE_AUTORELEASING = YES;
				CLANG_WARN_BOOL_CONVERSION = YES;
				CLANG_WARN_COMMA = YES;
				CLANG_WARN_CONSTANT_CONVERSION = YES;
				CLANG_WARN_DIRECT_OBJC_ISA_USAGE = YES_ERROR;
				CLANG_WARN_DOCUMENTATION_COMMENTS = YES;
				CLANG_WARN_EMPTY_BODY = YES;
				CLANG_WARN_ENUM_CONVERSION = YES;
				CLANG_WARN_INFINITE_RECURSION = YES;
				CLANG_WARN_INT_CONVERSION = YES;
				CLANG_WARN_NON_LITERAL_NULL_CONVERSION = YES;
				CLANG_WARN_OBJC_LITERAL_CONVERSION = YES;
				CLANG_WARN_OBJC_ROOT_CLASS = YES_ERROR;
				CLANG_WARN_RANGE_LOOP_ANALYSIS = YES;
				CLANG_WARN_STRICT_PROTOTYPES = YES;
				CLANG_WARN_SUSPICIOUS_MOVE = YES;
				CLANG_WARN_UNGUARDED_AVAILABILITY = YES_AGGRESSIVE;
				CLANG_WARN_UNREACHABLE_CODE = YES;
				CLANG_WARN__DUPLICATE_METHOD_MATCH = YES;
				CODE_SIGN_IDENTITY = "iPhone Developer";
				COPY_PHASE_STRIP = NO;
				DEBUG_INFORMATION_FORMAT = "dwarf-with-dsym";
				ENABLE_NS_ASSERTIONS = NO;
				ENABLE_STRICT_OBJC_MSGSEND = YES;
				GCC_C_LANGUAGE_STANDARD = gnu11;
				GCC_NO_COMMON_BLOCKS = YES;
				GCC_WARN_64_TO_32_BIT_CONVERSION = YES;
				GCC_WARN_ABOUT_RETURN_TYPE = YES_ERROR;
				GCC_WARN_UNDECLARED_SELECTOR = YES;
				GCC_WARN_UNINITIALIZED_AUTOS = YES_AGGRESSIVE;
				GCC_WARN_UNUSED_FUNCTION = YES;
				GCC_WARN_UNUSED_VARIABLE = YES;
				IPHONEOS_DEPLOYMENT_TARGET = 11.2;
				MTL_ENABLE_DEBUG_INFO = NO;
				SDKROOT = iphoneos;
				SWIFT_OPTIMIZATION_LEVEL = "-Owholemodule";
				VALIDATE_PRODUCT = YES;
			};
			name = Release;
		};
		6C25B12B202D14C10079D2A2 /* Debug */ = {
			isa = XCBuildConfiguration;
			buildSettings = {
				ASSETCATALOG_COMPILER_APPICON_NAME = AppIcon;
				CODE_SIGN_STYLE = Automatic;
				INFOPLIST_FILE = DesafioDesbloqueiaPersonagemProf/Info.plist;
				LD_RUNPATH_SEARCH_PATHS = "$(inherited) @executable_path/Frameworks";
				PRODUCT_BUNDLE_IDENTIFIER = Vini.DesafioDesbloqueiaPersonagemProf;
				PRODUCT_NAME = "$(TARGET_NAME)";
				SWIFT_VERSION = 4.0;
				TARGETED_DEVICE_FAMILY = "1,2";
			};
			name = Debug;
		};
		6C25B12C202D14C10079D2A2 /* Release */ = {
			isa = XCBuildConfiguration;
			buildSettings = {
				ASSETCATALOG_COMPILER_APPICON_NAME = AppIcon;
				CODE_SIGN_STYLE = Automatic;
				INFOPLIST_FILE = DesafioDesbloqueiaPersonagemProf/Info.plist;
				LD_RUNPATH_SEARCH_PATHS = "$(inherited) @executable_path/Frameworks";
				PRODUCT_BUNDLE_IDENTIFIER = Vini.DesafioDesbloqueiaPersonagemProf;
				PRODUCT_NAME = "$(TARGET_NAME)";
				SWIFT_VERSION = 4.0;
				TARGETED_DEVICE_FAMILY = "1,2";
			};
			name = Release;
		};
/* End XCBuildConfiguration section */

/* Begin XCConfigurationList section */
		6C25B113202D14C10079D2A2 /* Build configuration list for PBXProject "DesafioDesbloqueiaPersonagemProf" */ = {
			isa = XCConfigurationList;
			buildConfigurations = (
				6C25B128202D14C10079D2A2 /* Debug */,
				6C25B129202D14C10079D2A2 /* Release */,
			);
			defaultConfigurationIsVisible = 0;
			defaultConfigurationName = Release;
		};
		6C25B12A202D14C10079D2A2 /* Build configuration list for PBXNativeTarget "DesafioDesbloqueiaPersonagemProf" */ = {
			isa = XCConfigurationList;
			buildConfigurations = (
				6C25B12B202D14C10079D2A2 /* Debug */,
				6C25B12C202D14C10079D2A2 /* Release */,
			);
			defaultConfigurationIsVisible = 0;
			defaultConfigurationName = Release;
		};
/* End XCConfigurationList section */
	};
	rootObject = 6C25B110202D14C10079D2A2 /* Project object */;
}
